PODS:
  - FBSnapshotTestCase (2.0.3):
    - FBSnapshotTestCase/SwiftSupport (= 2.0.3)
  - FBSnapshotTestCase/Core (2.0.3)
  - FBSnapshotTestCase/SwiftSupport (2.0.3):
    - FBSnapshotTestCase/Core
  - SwiftLocation (0.1.0)

DEPENDENCIES:
  - FBSnapshotTestCase
  - SwiftLocation (from `../`)

EXTERNAL SOURCES:
  SwiftLocation:
    :path: ../

SPEC CHECKSUMS:
  FBSnapshotTestCase: d0eeca6bf87958e088b254396ae66873f971cfb1
  SwiftLocation: 79744b9b66f201575ed55a1dd4c3ec3847a4fdc9

COCOAPODS: 0.37.2
