// !$*UTF8*$!
{
	archiveVersion = 1;
	classes = {
	};
	objectVersion = 47;
	objects = {

/* Begin PBXBuildFile section */
		014C8183E2492A10C4F6DD03 /* Pods_TestApplication.framework in Frameworks */ = {isa = PBXBuildFile; fileRef = FE4D2CB78635C34B1C39E554 /* Pods_TestApplication.framework */; };
		52D6D9871BEFF229002C0205 /* SwiftLocation.framework in Frameworks */ = {isa = PBXBuildFile; fileRef = 52D6D97C1BEFF229002C0205 /* SwiftLocation.framework */; };
		640E5B371FA492F7006CFB2E /* HeadingRequest.swift in Sources */ = {isa = PBXBuildFile; fileRef = 640E5B361FA492F7006CFB2E /* HeadingRequest.swift */; };
		6459B1281FA4B8B800E0CD53 /* GeocoderRequest.swift in Sources */ = {isa = PBXBuildFile; fileRef = 6459B1271FA4B8B800E0CD53 /* GeocoderRequest.swift */; };
		6459B1321FA4D67700E0CD53 /* Contacts.framework in Frameworks */ = {isa = PBXBuildFile; fileRef = 6459B1311FA4D67700E0CD53 /* Contacts.framework */; };
		6459B1341FA4E5CA00E0CD53 /* FindPlaceRequest.swift in Sources */ = {isa = PBXBuildFile; fileRef = 6459B1331FA4E5CA00E0CD53 /* FindPlaceRequest.swift */; };
		6459B1391FA5B68900E0CD53 /* IPLocationRequest.swift in Sources */ = {isa = PBXBuildFile; fileRef = 6459B1381FA5B68900E0CD53 /* IPLocationRequest.swift */; };
		64880FD71FA3685400AC0639 /* AppDelegate.swift in Sources */ = {isa = PBXBuildFile; fileRef = 64880FD61FA3685400AC0639 /* AppDelegate.swift */; };
		64880FD91FA3685400AC0639 /* ViewController.swift in Sources */ = {isa = PBXBuildFile; fileRef = 64880FD81FA3685400AC0639 /* ViewController.swift */; };
		64880FDC1FA3685400AC0639 /* Main.storyboard in Resources */ = {isa = PBXBuildFile; fileRef = 64880FDA1FA3685400AC0639 /* Main.storyboard */; };
		64880FDE1FA3685400AC0639 /* Assets.xcassets in Resources */ = {isa = PBXBuildFile; fileRef = 64880FDD1FA3685400AC0639 /* Assets.xcassets */; };
		64880FE11FA3685400AC0639 /* LaunchScreen.storyboard in Resources */ = {isa = PBXBuildFile; fileRef = 64880FDF1FA3685400AC0639 /* LaunchScreen.storyboard */; };
		64880FE91FA3686400AC0639 /* SwiftLocation.framework in Frameworks */ = {isa = PBXBuildFile; fileRef = 52D6D97C1BEFF229002C0205 /* SwiftLocation.framework */; };
		64880FEB1FA3687C00AC0639 /* SwiftLocation.framework in Copy Frameworks */ = {isa = PBXBuildFile; fileRef = 52D6D97C1BEFF229002C0205 /* SwiftLocation.framework */; settings = {ATTRIBUTES = (CodeSignOnCopy, RemoveHeadersOnCopy, ); }; };
		64880FED1FA3695500AC0639 /* Locator.swift in Sources */ = {isa = PBXBuildFile; fileRef = 64880FEC1FA3695500AC0639 /* Locator.swift */; };
		64880FF21FA3698B00AC0639 /* CoreLocation.framework in Frameworks */ = {isa = PBXBuildFile; fileRef = 64880FF11FA3698600AC0639 /* CoreLocation.framework */; };
		64880FF41FA369A900AC0639 /* MapKit.framework in Frameworks */ = {isa = PBXBuildFile; fileRef = 64880FF31FA369A400AC0639 /* MapKit.framework */; };
		648810021FA36B3600AC0639 /* Shared.swift in Sources */ = {isa = PBXBuildFile; fileRef = 648810011FA36B3600AC0639 /* Shared.swift */; };
		648810071FA36C9300AC0639 /* LocationRequest.swift in Sources */ = {isa = PBXBuildFile; fileRef = 648810061FA36C9300AC0639 /* LocationRequest.swift */; };
		8933C7901EB5B82D000D00A4 /* SwiftLocationTests.swift in Sources */ = {isa = PBXBuildFile; fileRef = 8933C7891EB5B82A000D00A4 /* SwiftLocationTests.swift */; };
		C367940C3E116F990B8C9236 /* Pods_SwiftLocation_iOS_Tests.framework in Frameworks */ = {isa = PBXBuildFile; fileRef = D26D1F9F71D6010E362FA717 /* Pods_SwiftLocation_iOS_Tests.framework */; };
		EFB8513D7818057CB4F37B3F /* Pods_SwiftLocation_iOS.framework in Frameworks */ = {isa = PBXBuildFile; fileRef = 44B4B3F1C6B2BCE993A6133D /* Pods_SwiftLocation_iOS.framework */; };
/* End PBXBuildFile section */

/* Begin PBXContainerItemProxy section */
		52D6D9881BEFF229002C0205 /* PBXContainerItemProxy */ = {
			isa = PBXContainerItemProxy;
			containerPortal = 52D6D9731BEFF229002C0205 /* Project object */;
			proxyType = 1;
			remoteGlobalIDString = 52D6D97B1BEFF229002C0205;
			remoteInfo = SwiftLocation;
		};
		64880FE61FA3685E00AC0639 /* PBXContainerItemProxy */ = {
			isa = PBXContainerItemProxy;
			containerPortal = 52D6D9731BEFF229002C0205 /* Project object */;
			proxyType = 1;
			remoteGlobalIDString = 52D6D97B1BEFF229002C0205;
			remoteInfo = "SwiftLocation-iOS";
		};
/* End PBXContainerItemProxy section */

/* Begin PBXCopyFilesBuildPhase section */
		64880FEA1FA3686E00AC0639 /* Copy Frameworks */ = {
			isa = PBXCopyFilesBuildPhase;
			buildActionMask = 2147483647;
			dstPath = "";
			dstSubfolderSpec = 10;
			files = (
				64880FEB1FA3687C00AC0639 /* SwiftLocation.framework in Copy Frameworks */,
			);
			name = "Copy Frameworks";
			runOnlyForDeploymentPostprocessing = 0;
		};
/* End PBXCopyFilesBuildPhase section */

/* Begin PBXFileReference section */
		03D22F7E14E40C75E28FC0F2 /* Pods-SwiftLocation-tvOS.debug.xcconfig */ = {isa = PBXFileReference; includeInIndex = 1; lastKnownFileType = text.xcconfig; name = "Pods-SwiftLocation-tvOS.debug.xcconfig"; path = "Pods/Target Support Files/Pods-SwiftLocation-tvOS/Pods-SwiftLocation-tvOS.debug.xcconfig"; sourceTree = "<group>"; };
		1E1DC1B79C4E3B46E20E810C /* Pods-TestApplication.debug.xcconfig */ = {isa = PBXFileReference; includeInIndex = 1; lastKnownFileType = text.xcconfig; name = "Pods-TestApplication.debug.xcconfig"; path = "Pods/Target Support Files/Pods-TestApplication/Pods-TestApplication.debug.xcconfig"; sourceTree = "<group>"; };
		32043EB46F1B7C50032E6E76 /* Pods-SwiftLocation-tvOS Tests.debug.xcconfig */ = {isa = PBXFileReference; includeInIndex = 1; lastKnownFileType = text.xcconfig; name = "Pods-SwiftLocation-tvOS Tests.debug.xcconfig"; path = "Pods/Target Support Files/Pods-SwiftLocation-tvOS Tests/Pods-SwiftLocation-tvOS Tests.debug.xcconfig"; sourceTree = "<group>"; };
		3DA512CE70F5BEBAD9F4E0E5 /* Pods-SwiftLocation-tvOS Tests.release.xcconfig */ = {isa = PBXFileReference; includeInIndex = 1; lastKnownFileType = text.xcconfig; name = "Pods-SwiftLocation-tvOS Tests.release.xcconfig"; path = "Pods/Target Support Files/Pods-SwiftLocation-tvOS Tests/Pods-SwiftLocation-tvOS Tests.release.xcconfig"; sourceTree = "<group>"; };
		44B4B3F1C6B2BCE993A6133D /* Pods_SwiftLocation_iOS.framework */ = {isa = PBXFileReference; explicitFileType = wrapper.framework; includeInIndex = 0; path = Pods_SwiftLocation_iOS.framework; sourceTree = BUILT_PRODUCTS_DIR; };
		52D6D97C1BEFF229002C0205 /* SwiftLocation.framework */ = {isa = PBXFileReference; explicitFileType = wrapper.framework; includeInIndex = 0; path = SwiftLocation.framework; sourceTree = BUILT_PRODUCTS_DIR; };
		52D6D9861BEFF229002C0205 /* SwiftLocation-iOS Tests.xctest */ = {isa = PBXFileReference; explicitFileType = wrapper.cfbundle; includeInIndex = 0; path = "SwiftLocation-iOS Tests.xctest"; sourceTree = BUILT_PRODUCTS_DIR; };
		53B449FAA014A1D936DCB05E /* Pods-SwiftLocation-iOS.release.xcconfig */ = {isa = PBXFileReference; includeInIndex = 1; lastKnownFileType = text.xcconfig; name = "Pods-SwiftLocation-iOS.release.xcconfig"; path = "Pods/Target Support Files/Pods-SwiftLocation-iOS/Pods-SwiftLocation-iOS.release.xcconfig"; sourceTree = "<group>"; };
		640E5B361FA492F7006CFB2E /* HeadingRequest.swift */ = {isa = PBXFileReference; lastKnownFileType = sourcecode.swift; path = HeadingRequest.swift; sourceTree = "<group>"; };
		6459B1271FA4B8B800E0CD53 /* GeocoderRequest.swift */ = {isa = PBXFileReference; lastKnownFileType = sourcecode.swift; path = GeocoderRequest.swift; sourceTree = "<group>"; };
		6459B1311FA4D67700E0CD53 /* Contacts.framework */ = {isa = PBXFileReference; lastKnownFileType = wrapper.framework; name = Contacts.framework; path = System/Library/Frameworks/Contacts.framework; sourceTree = SDKROOT; };
		6459B1331FA4E5CA00E0CD53 /* FindPlaceRequest.swift */ = {isa = PBXFileReference; lastKnownFileType = sourcecode.swift; path = FindPlaceRequest.swift; sourceTree = "<group>"; };
		6459B1381FA5B68900E0CD53 /* IPLocationRequest.swift */ = {isa = PBXFileReference; lastKnownFileType = sourcecode.swift; path = IPLocationRequest.swift; sourceTree = "<group>"; };
		6459B13D1FA5BE0800E0CD53 /* Contacts.framework */ = {isa = PBXFileReference; lastKnownFileType = wrapper.framework; name = Contacts.framework; path = Platforms/MacOSX.platform/Developer/SDKs/MacOSX10.13.sdk/System/Library/Frameworks/Contacts.framework; sourceTree = DEVELOPER_DIR; };
		6459B13F1FA5BE1700E0CD53 /* Contacts.framework */ = {isa = PBXFileReference; lastKnownFileType = wrapper.framework; name = Contacts.framework; path = Platforms/WatchOS.platform/Developer/SDKs/WatchOS4.0.sdk/System/Library/Frameworks/Contacts.framework; sourceTree = DEVELOPER_DIR; };
		64880FD41FA3685400AC0639 /* TestApplication.app */ = {isa = PBXFileReference; explicitFileType = wrapper.application; includeInIndex = 0; path = TestApplication.app; sourceTree = BUILT_PRODUCTS_DIR; };
		64880FD61FA3685400AC0639 /* AppDelegate.swift */ = {isa = PBXFileReference; lastKnownFileType = sourcecode.swift; path = AppDelegate.swift; sourceTree = "<group>"; };
		64880FD81FA3685400AC0639 /* ViewController.swift */ = {isa = PBXFileReference; lastKnownFileType = sourcecode.swift; path = ViewController.swift; sourceTree = "<group>"; };
		64880FDB1FA3685400AC0639 /* Base */ = {isa = PBXFileReference; lastKnownFileType = file.storyboard; name = Base; path = Base.lproj/Main.storyboard; sourceTree = "<group>"; };
		64880FDD1FA3685400AC0639 /* Assets.xcassets */ = {isa = PBXFileReference; lastKnownFileType = folder.assetcatalog; path = Assets.xcassets; sourceTree = "<group>"; };
		64880FE01FA3685400AC0639 /* Base */ = {isa = PBXFileReference; lastKnownFileType = file.storyboard; name = Base; path = Base.lproj/LaunchScreen.storyboard; sourceTree = "<group>"; };
		64880FE21FA3685400AC0639 /* Info.plist */ = {isa = PBXFileReference; lastKnownFileType = text.plist.xml; path = Info.plist; sourceTree = "<group>"; };
		64880FEC1FA3695500AC0639 /* Locator.swift */ = {isa = PBXFileReference; lastKnownFileType = sourcecode.swift; path = Locator.swift; sourceTree = "<group>"; };
		64880FF11FA3698600AC0639 /* CoreLocation.framework */ = {isa = PBXFileReference; lastKnownFileType = wrapper.framework; name = CoreLocation.framework; path = System/Library/Frameworks/CoreLocation.framework; sourceTree = SDKROOT; };
		64880FF31FA369A400AC0639 /* MapKit.framework */ = {isa = PBXFileReference; lastKnownFileType = wrapper.framework; name = MapKit.framework; path = System/Library/Frameworks/MapKit.framework; sourceTree = SDKROOT; };
		64880FF51FA369AE00AC0639 /* CoreLocation.framework */ = {isa = PBXFileReference; lastKnownFileType = wrapper.framework; name = CoreLocation.framework; path = Platforms/MacOSX.platform/Developer/SDKs/MacOSX10.13.sdk/System/Library/Frameworks/CoreLocation.framework; sourceTree = DEVELOPER_DIR; };
		64880FF71FA369B800AC0639 /* MapKit.framework */ = {isa = PBXFileReference; lastKnownFileType = wrapper.framework; name = MapKit.framework; path = Platforms/MacOSX.platform/Developer/SDKs/MacOSX10.13.sdk/System/Library/Frameworks/MapKit.framework; sourceTree = DEVELOPER_DIR; };
		64880FF91FA369C100AC0639 /* CoreLocation.framework */ = {isa = PBXFileReference; lastKnownFileType = wrapper.framework; name = CoreLocation.framework; path = Platforms/WatchOS.platform/Developer/SDKs/WatchOS4.0.sdk/System/Library/Frameworks/CoreLocation.framework; sourceTree = DEVELOPER_DIR; };
		64880FFB1FA369C500AC0639 /* MapKit.framework */ = {isa = PBXFileReference; lastKnownFileType = wrapper.framework; name = MapKit.framework; path = Platforms/WatchOS.platform/Developer/SDKs/WatchOS4.0.sdk/System/Library/Frameworks/MapKit.framework; sourceTree = DEVELOPER_DIR; };
		64880FFD1FA369CA00AC0639 /* CoreLocation.framework */ = {isa = PBXFileReference; lastKnownFileType = wrapper.framework; name = CoreLocation.framework; path = Platforms/AppleTVOS.platform/Developer/SDKs/AppleTVOS11.0.sdk/System/Library/Frameworks/CoreLocation.framework; sourceTree = DEVELOPER_DIR; };
		64880FFF1FA369CE00AC0639 /* MapKit.framework */ = {isa = PBXFileReference; lastKnownFileType = wrapper.framework; name = MapKit.framework; path = Platforms/AppleTVOS.platform/Developer/SDKs/AppleTVOS11.0.sdk/System/Library/Frameworks/MapKit.framework; sourceTree = DEVELOPER_DIR; };
		648810011FA36B3600AC0639 /* Shared.swift */ = {isa = PBXFileReference; lastKnownFileType = sourcecode.swift; path = Shared.swift; sourceTree = "<group>"; };
		648810061FA36C9300AC0639 /* LocationRequest.swift */ = {isa = PBXFileReference; lastKnownFileType = sourcecode.swift; path = LocationRequest.swift; sourceTree = "<group>"; };
		7AF1700A8C1ABAA576299A16 /* Pods-SwiftLocation-iOS.debug.xcconfig */ = {isa = PBXFileReference; includeInIndex = 1; lastKnownFileType = text.xcconfig; name = "Pods-SwiftLocation-iOS.debug.xcconfig"; path = "Pods/Target Support Files/Pods-SwiftLocation-iOS/Pods-SwiftLocation-iOS.debug.xcconfig"; sourceTree = "<group>"; };
		804E48CCA0AB8BFC61247155 /* Pods_SwiftLocation_macOS.framework */ = {isa = PBXFileReference; explicitFileType = wrapper.framework; includeInIndex = 0; path = Pods_SwiftLocation_macOS.framework; sourceTree = BUILT_PRODUCTS_DIR; };
		8488102272D52F17173B56F9 /* Pods_SwiftLocation_tvOS.framework */ = {isa = PBXFileReference; explicitFileType = wrapper.framework; includeInIndex = 0; path = Pods_SwiftLocation_tvOS.framework; sourceTree = BUILT_PRODUCTS_DIR; };
		8933C7891EB5B82A000D00A4 /* SwiftLocationTests.swift */ = {isa = PBXFileReference; fileEncoding = 4; lastKnownFileType = sourcecode.swift; path = SwiftLocationTests.swift; sourceTree = "<group>"; };
		8DC16CFBD200A705FA4A2083 /* Pods-SwiftLocation-tvOS.release.xcconfig */ = {isa = PBXFileReference; includeInIndex = 1; lastKnownFileType = text.xcconfig; name = "Pods-SwiftLocation-tvOS.release.xcconfig"; path = "Pods/Target Support Files/Pods-SwiftLocation-tvOS/Pods-SwiftLocation-tvOS.release.xcconfig"; sourceTree = "<group>"; };
		94E01B0C2DB8544397438C1F /* Pods_SwiftLocation_watchOS.framework */ = {isa = PBXFileReference; explicitFileType = wrapper.framework; includeInIndex = 0; path = Pods_SwiftLocation_watchOS.framework; sourceTree = BUILT_PRODUCTS_DIR; };
		9B7C62996D1209D6E76803B3 /* Pods_SwiftLocation_macOS_Tests.framework */ = {isa = PBXFileReference; explicitFileType = wrapper.framework; includeInIndex = 0; path = Pods_SwiftLocation_macOS_Tests.framework; sourceTree = BUILT_PRODUCTS_DIR; };
		9DC5973221C9D30FE0D0E204 /* Pods-TestApplication.release.xcconfig */ = {isa = PBXFileReference; includeInIndex = 1; lastKnownFileType = text.xcconfig; name = "Pods-TestApplication.release.xcconfig"; path = "Pods/Target Support Files/Pods-TestApplication/Pods-TestApplication.release.xcconfig"; sourceTree = "<group>"; };
		AD2FAA261CD0B6D800659CF4 /* SwiftLocation.plist */ = {isa = PBXFileReference; fileEncoding = 4; lastKnownFileType = text.plist.xml; path = SwiftLocation.plist; sourceTree = "<group>"; };
		AD2FAA281CD0B6E100659CF4 /* SwiftLocationTests.plist */ = {isa = PBXFileReference; fileEncoding = 4; lastKnownFileType = text.plist.xml; path = SwiftLocationTests.plist; sourceTree = "<group>"; };
		ADA15DD7B5EE3AFD65C50E10 /* Pods-SwiftLocation-iOS Tests.release.xcconfig */ = {isa = PBXFileReference; includeInIndex = 1; lastKnownFileType = text.xcconfig; name = "Pods-SwiftLocation-iOS Tests.release.xcconfig"; path = "Pods/Target Support Files/Pods-SwiftLocation-iOS Tests/Pods-SwiftLocation-iOS Tests.release.xcconfig"; sourceTree = "<group>"; };
		B45C8CC20E4F78B3F82752DC /* Pods_SwiftLocation_tvOS_Tests.framework */ = {isa = PBXFileReference; explicitFileType = wrapper.framework; includeInIndex = 0; path = Pods_SwiftLocation_tvOS_Tests.framework; sourceTree = BUILT_PRODUCTS_DIR; };
		D26D1F9F71D6010E362FA717 /* Pods_SwiftLocation_iOS_Tests.framework */ = {isa = PBXFileReference; explicitFileType = wrapper.framework; includeInIndex = 0; path = Pods_SwiftLocation_iOS_Tests.framework; sourceTree = BUILT_PRODUCTS_DIR; };
		D374FC0CEB3F670ECA0B23A1 /* Pods-SwiftLocation-iOS Tests.debug.xcconfig */ = {isa = PBXFileReference; includeInIndex = 1; lastKnownFileType = text.xcconfig; name = "Pods-SwiftLocation-iOS Tests.debug.xcconfig"; path = "Pods/Target Support Files/Pods-SwiftLocation-iOS Tests/Pods-SwiftLocation-iOS Tests.debug.xcconfig"; sourceTree = "<group>"; };
		FE4D2CB78635C34B1C39E554 /* Pods_TestApplication.framework */ = {isa = PBXFileReference; explicitFileType = wrapper.framework; includeInIndex = 0; path = Pods_TestApplication.framework; sourceTree = BUILT_PRODUCTS_DIR; };
/* End PBXFileReference section */

/* Begin PBXFrameworksBuildPhase section */
		52D6D9781BEFF229002C0205 /* Frameworks */ = {
			isa = PBXFrameworksBuildPhase;
			buildActionMask = 2147483647;
			files = (
				6459B1321FA4D67700E0CD53 /* Contacts.framework in Frameworks */,
				64880FF41FA369A900AC0639 /* MapKit.framework in Frameworks */,
				64880FF21FA3698B00AC0639 /* CoreLocation.framework in Frameworks */,
				EFB8513D7818057CB4F37B3F /* Pods_SwiftLocation_iOS.framework in Frameworks */,
			);
			runOnlyForDeploymentPostprocessing = 0;
		};
		52D6D9831BEFF229002C0205 /* Frameworks */ = {
			isa = PBXFrameworksBuildPhase;
			buildActionMask = 2147483647;
			files = (
				52D6D9871BEFF229002C0205 /* SwiftLocation.framework in Frameworks */,
				C367940C3E116F990B8C9236 /* Pods_SwiftLocation_iOS_Tests.framework in Frameworks */,
			);
			runOnlyForDeploymentPostprocessing = 0;
		};
		64880FD11FA3685400AC0639 /* Frameworks */ = {
			isa = PBXFrameworksBuildPhase;
			buildActionMask = 2147483647;
			files = (
				64880FE91FA3686400AC0639 /* SwiftLocation.framework in Frameworks */,
				014C8183E2492A10C4F6DD03 /* Pods_TestApplication.framework in Frameworks */,
			);
			runOnlyForDeploymentPostprocessing = 0;
		};
/* End PBXFrameworksBuildPhase section */

/* Begin PBXGroup section */
		52D6D9721BEFF229002C0205 = {
			isa = PBXGroup;
			children = (
				8933C7811EB5B7E0000D00A4 /* Sources */,
				8933C7831EB5B7EB000D00A4 /* Tests */,
				52D6D99C1BEFF38C002C0205 /* Configs */,
				64880FD51FA3685400AC0639 /* TestApplication */,
				52D6D97D1BEFF229002C0205 /* Products */,
				64880FE81FA3686400AC0639 /* Frameworks */,
				8499D96233F56968C9B41BD4 /* Pods */,
			);
			sourceTree = "<group>";
		};
		52D6D97D1BEFF229002C0205 /* Products */ = {
			isa = PBXGroup;
			children = (
				52D6D97C1BEFF229002C0205 /* SwiftLocation.framework */,
				52D6D9861BEFF229002C0205 /* SwiftLocation-iOS Tests.xctest */,
				64880FD41FA3685400AC0639 /* TestApplication.app */,
			);
			name = Products;
			sourceTree = "<group>";
		};
		52D6D99C1BEFF38C002C0205 /* Configs */ = {
			isa = PBXGroup;
			children = (
				DD7502721C68FC1B006590AF /* Frameworks */,
				DD7502731C68FC20006590AF /* Tests */,
			);
			path = Configs;
			sourceTree = "<group>";
		};
		64880FD51FA3685400AC0639 /* TestApplication */ = {
			isa = PBXGroup;
			children = (
				64880FD61FA3685400AC0639 /* AppDelegate.swift */,
				64880FD81FA3685400AC0639 /* ViewController.swift */,
				64880FDA1FA3685400AC0639 /* Main.storyboard */,
				64880FDD1FA3685400AC0639 /* Assets.xcassets */,
				64880FDF1FA3685400AC0639 /* LaunchScreen.storyboard */,
				64880FE21FA3685400AC0639 /* Info.plist */,
			);
			path = TestApplication;
			sourceTree = "<group>";
		};
		64880FE81FA3686400AC0639 /* Frameworks */ = {
			isa = PBXGroup;
			children = (
				6459B1311FA4D67700E0CD53 /* Contacts.framework */,
				6459B13D1FA5BE0800E0CD53 /* Contacts.framework */,
				6459B13F1FA5BE1700E0CD53 /* Contacts.framework */,
				64880FFF1FA369CE00AC0639 /* MapKit.framework */,
				64880FFD1FA369CA00AC0639 /* CoreLocation.framework */,
				64880FFB1FA369C500AC0639 /* MapKit.framework */,
				64880FF91FA369C100AC0639 /* CoreLocation.framework */,
				64880FF71FA369B800AC0639 /* MapKit.framework */,
				64880FF51FA369AE00AC0639 /* CoreLocation.framework */,
				64880FF31FA369A400AC0639 /* MapKit.framework */,
				64880FF11FA3698600AC0639 /* CoreLocation.framework */,
				44B4B3F1C6B2BCE993A6133D /* Pods_SwiftLocation_iOS.framework */,
				D26D1F9F71D6010E362FA717 /* Pods_SwiftLocation_iOS_Tests.framework */,
				804E48CCA0AB8BFC61247155 /* Pods_SwiftLocation_macOS.framework */,
				9B7C62996D1209D6E76803B3 /* Pods_SwiftLocation_macOS_Tests.framework */,
				8488102272D52F17173B56F9 /* Pods_SwiftLocation_tvOS.framework */,
				B45C8CC20E4F78B3F82752DC /* Pods_SwiftLocation_tvOS_Tests.framework */,
				94E01B0C2DB8544397438C1F /* Pods_SwiftLocation_watchOS.framework */,
				FE4D2CB78635C34B1C39E554 /* Pods_TestApplication.framework */,
			);
			name = Frameworks;
			sourceTree = "<group>";
		};
		8499D96233F56968C9B41BD4 /* Pods */ = {
			isa = PBXGroup;
			children = (
				7AF1700A8C1ABAA576299A16 /* Pods-SwiftLocation-iOS.debug.xcconfig */,
				53B449FAA014A1D936DCB05E /* Pods-SwiftLocation-iOS.release.xcconfig */,
				D374FC0CEB3F670ECA0B23A1 /* Pods-SwiftLocation-iOS Tests.debug.xcconfig */,
				ADA15DD7B5EE3AFD65C50E10 /* Pods-SwiftLocation-iOS Tests.release.xcconfig */,
				03D22F7E14E40C75E28FC0F2 /* Pods-SwiftLocation-tvOS.debug.xcconfig */,
				8DC16CFBD200A705FA4A2083 /* Pods-SwiftLocation-tvOS.release.xcconfig */,
				32043EB46F1B7C50032E6E76 /* Pods-SwiftLocation-tvOS Tests.debug.xcconfig */,
				3DA512CE70F5BEBAD9F4E0E5 /* Pods-SwiftLocation-tvOS Tests.release.xcconfig */,
				1E1DC1B79C4E3B46E20E810C /* Pods-TestApplication.debug.xcconfig */,
				9DC5973221C9D30FE0D0E204 /* Pods-TestApplication.release.xcconfig */,
			);
			name = Pods;
			sourceTree = "<group>";
		};
		8933C7811EB5B7E0000D00A4 /* Sources */ = {
			isa = PBXGroup;
			children = (
				64880FEC1FA3695500AC0639 /* Locator.swift */,
				648810061FA36C9300AC0639 /* LocationRequest.swift */,
				6459B1381FA5B68900E0CD53 /* IPLocationRequest.swift */,
				640E5B361FA492F7006CFB2E /* HeadingRequest.swift */,
				6459B1271FA4B8B800E0CD53 /* GeocoderRequest.swift */,
				6459B1331FA4E5CA00E0CD53 /* FindPlaceRequest.swift */,
				648810011FA36B3600AC0639 /* Shared.swift */,
			);
			path = Sources;
			sourceTree = "<group>";
		};
		8933C7831EB5B7EB000D00A4 /* Tests */ = {
			isa = PBXGroup;
			children = (
				8933C7891EB5B82A000D00A4 /* SwiftLocationTests.swift */,
			);
			name = Tests;
			path = Tests/SwiftLocationTests;
			sourceTree = "<group>";
		};
		DD7502721C68FC1B006590AF /* Frameworks */ = {
			isa = PBXGroup;
			children = (
				AD2FAA261CD0B6D800659CF4 /* SwiftLocation.plist */,
			);
			name = Frameworks;
			sourceTree = "<group>";
		};
		DD7502731C68FC20006590AF /* Tests */ = {
			isa = PBXGroup;
			children = (
				AD2FAA281CD0B6E100659CF4 /* SwiftLocationTests.plist */,
			);
			name = Tests;
			sourceTree = "<group>";
		};
/* End PBXGroup section */

/* Begin PBXHeadersBuildPhase section */
		52D6D9791BEFF229002C0205 /* Headers */ = {
			isa = PBXHeadersBuildPhase;
			buildActionMask = 2147483647;
			files = (
			);
			runOnlyForDeploymentPostprocessing = 0;
		};
/* End PBXHeadersBuildPhase section */

/* Begin PBXNativeTarget section */
		52D6D97B1BEFF229002C0205 /* SwiftLocation-iOS */ = {
			isa = PBXNativeTarget;
			buildConfigurationList = 52D6D9901BEFF229002C0205 /* Build configuration list for PBXNativeTarget "SwiftLocation-iOS" */;
			buildPhases = (
				E2B25B138939EAE47C04ED63 /* [CP] Check Pods Manifest.lock */,
				52D6D9771BEFF229002C0205 /* Sources */,
				52D6D9781BEFF229002C0205 /* Frameworks */,
				52D6D9791BEFF229002C0205 /* Headers */,
				52D6D97A1BEFF229002C0205 /* Resources */,
				9E2F4121426A6420397A065F /* [CP] Copy Pods Resources */,
			);
			buildRules = (
			);
			dependencies = (
			);
			name = "SwiftLocation-iOS";
			productName = SwiftLocation;
			productReference = 52D6D97C1BEFF229002C0205 /* SwiftLocation.framework */;
			productType = "com.apple.product-type.framework";
		};
		52D6D9851BEFF229002C0205 /* SwiftLocation-iOS Tests */ = {
			isa = PBXNativeTarget;
			buildConfigurationList = 52D6D9931BEFF229002C0205 /* Build configuration list for PBXNativeTarget "SwiftLocation-iOS Tests" */;
			buildPhases = (
				6507291D181B08127642A8E5 /* [CP] Check Pods Manifest.lock */,
				52D6D9821BEFF229002C0205 /* Sources */,
				52D6D9831BEFF229002C0205 /* Frameworks */,
				52D6D9841BEFF229002C0205 /* Resources */,
				09AE88A357DD8915463F2562 /* [CP] Embed Pods Frameworks */,
				8EB883E648E63FDBD7A54F67 /* [CP] Copy Pods Resources */,
			);
			buildRules = (
			);
			dependencies = (
				52D6D9891BEFF229002C0205 /* PBXTargetDependency */,
			);
			name = "SwiftLocation-iOS Tests";
			productName = SwiftLocationTests;
			productReference = 52D6D9861BEFF229002C0205 /* SwiftLocation-iOS Tests.xctest */;
			productType = "com.apple.product-type.bundle.unit-test";
		};
		64880FD31FA3685400AC0639 /* TestApplication */ = {
			isa = PBXNativeTarget;
			buildConfigurationList = 64880FE51FA3685400AC0639 /* Build configuration list for PBXNativeTarget "TestApplication" */;
			buildPhases = (
				8F66A96B62FE4219276729A2 /* [CP] Check Pods Manifest.lock */,
				64880FD01FA3685400AC0639 /* Sources */,
				64880FD11FA3685400AC0639 /* Frameworks */,
				64880FD21FA3685400AC0639 /* Resources */,
				64880FEA1FA3686E00AC0639 /* Copy Frameworks */,
				56E995EA176C3E41A6DB4CD5 /* [CP] Embed Pods Frameworks */,
				96A32EB0CEA97EA9E88EAF77 /* [CP] Copy Pods Resources */,
			);
			buildRules = (
			);
			dependencies = (
				64880FE71FA3685E00AC0639 /* PBXTargetDependency */,
			);
			name = TestApplication;
			productName = TestApplication;
			productReference = 64880FD41FA3685400AC0639 /* TestApplication.app */;
			productType = "com.apple.product-type.application";
		};
/* End PBXNativeTarget section */

/* Begin PBXProject section */
		52D6D9731BEFF229002C0205 /* Project object */ = {
			isa = PBXProject;
			attributes = {
				LastSwiftUpdateCheck = 0900;
				LastUpgradeCheck = 0900;
				ORGANIZATIONNAME = "Daniele Margutti";
				TargetAttributes = {
					52D6D97B1BEFF229002C0205 = {
						CreatedOnToolsVersion = 7.1;
						LastSwiftMigration = 0800;
					};
					52D6D9851BEFF229002C0205 = {
						CreatedOnToolsVersion = 7.1;
						LastSwiftMigration = 0800;
					};
					64880FD31FA3685400AC0639 = {
						CreatedOnToolsVersion = 9.0.1;
						DevelopmentTeam = E5DU3FA699;
						ProvisioningStyle = Automatic;
					};
				};
			};
			buildConfigurationList = 52D6D9761BEFF229002C0205 /* Build configuration list for PBXProject "SwiftLocation" */;
			compatibilityVersion = "Xcode 6.3";
			developmentRegion = English;
			hasScannedForEncodings = 0;
			knownRegions = (
				en,
				Base,
			);
			mainGroup = 52D6D9721BEFF229002C0205;
			productRefGroup = 52D6D97D1BEFF229002C0205 /* Products */;
			projectDirPath = "";
			projectRoot = "";
			targets = (
				52D6D97B1BEFF229002C0205 /* SwiftLocation-iOS */,
				52D6D9851BEFF229002C0205 /* SwiftLocation-iOS Tests */,
				64880FD31FA3685400AC0639 /* TestApplication */,
			);
		};
/* End PBXProject section */

/* Begin PBXResourcesBuildPhase section */
		52D6D97A1BEFF229002C0205 /* Resources */ = {
			isa = PBXResourcesBuildPhase;
			buildActionMask = 2147483647;
			files = (
			);
			runOnlyForDeploymentPostprocessing = 0;
		};
		52D6D9841BEFF229002C0205 /* Resources */ = {
			isa = PBXResourcesBuildPhase;
			buildActionMask = 2147483647;
			files = (
			);
			runOnlyForDeploymentPostprocessing = 0;
		};
		64880FD21FA3685400AC0639 /* Resources */ = {
			isa = PBXResourcesBuildPhase;
			buildActionMask = 2147483647;
			files = (
				64880FE11FA3685400AC0639 /* LaunchScreen.storyboard in Resources */,
				64880FDE1FA3685400AC0639 /* Assets.xcassets in Resources */,
				64880FDC1FA3685400AC0639 /* Main.storyboard in Resources */,
			);
			runOnlyForDeploymentPostprocessing = 0;
		};
/* End PBXResourcesBuildPhase section */

/* Begin PBXShellScriptBuildPhase section */
		09AE88A357DD8915463F2562 /* [CP] Embed Pods Frameworks */ = {
			isa = PBXShellScriptBuildPhase;
			buildActionMask = 2147483647;
			files = (
			);
			inputPaths = (
				"${SRCROOT}/Pods/Target Support Files/Pods-SwiftLocation-iOS Tests/Pods-SwiftLocation-iOS Tests-frameworks.sh",
				"${BUILT_PRODUCTS_DIR}/SwiftyJSON/SwiftyJSON.framework",
			);
			name = "[CP] Embed Pods Frameworks";
			outputPaths = (
				"${TARGET_BUILD_DIR}/${FRAMEWORKS_FOLDER_PATH}/SwiftyJSON.framework",
			);
			runOnlyForDeploymentPostprocessing = 0;
			shellPath = /bin/sh;
			shellScript = "\"${SRCROOT}/Pods/Target Support Files/Pods-SwiftLocation-iOS Tests/Pods-SwiftLocation-iOS Tests-frameworks.sh\"\n";
			showEnvVarsInLog = 0;
		};
		56E995EA176C3E41A6DB4CD5 /* [CP] Embed Pods Frameworks */ = {
			isa = PBXShellScriptBuildPhase;
			buildActionMask = 2147483647;
			files = (
			);
			inputPaths = (
				"${SRCROOT}/Pods/Target Support Files/Pods-TestApplication/Pods-TestApplication-frameworks.sh",
				"${BUILT_PRODUCTS_DIR}/SwiftyJSON/SwiftyJSON.framework",
			);
			name = "[CP] Embed Pods Frameworks";
			outputPaths = (
				"${TARGET_BUILD_DIR}/${FRAMEWORKS_FOLDER_PATH}/SwiftyJSON.framework",
			);
			runOnlyForDeploymentPostprocessing = 0;
			shellPath = /bin/sh;
			shellScript = "\"${SRCROOT}/Pods/Target Support Files/Pods-TestApplication/Pods-TestApplication-frameworks.sh\"\n";
			showEnvVarsInLog = 0;
		};
		6507291D181B08127642A8E5 /* [CP] Check Pods Manifest.lock */ = {
			isa = PBXShellScriptBuildPhase;
			buildActionMask = 2147483647;
			files = (
			);
			inputPaths = (
				"${PODS_PODFILE_DIR_PATH}/Podfile.lock",
				"${PODS_ROOT}/Manifest.lock",
			);
			name = "[CP] Check Pods Manifest.lock";
			outputPaths = (
				"$(DERIVED_FILE_DIR)/Pods-SwiftLocation-iOS Tests-checkManifestLockResult.txt",
			);
			runOnlyForDeploymentPostprocessing = 0;
			shellPath = /bin/sh;
			shellScript = "diff \"${PODS_PODFILE_DIR_PATH}/Podfile.lock\" \"${PODS_ROOT}/Manifest.lock\" > /dev/null\nif [ $? != 0 ] ; then\n    # print error to STDERR\n    echo \"error: The sandbox is not in sync with the Podfile.lock. Run 'pod install' or update your CocoaPods installation.\" >&2\n    exit 1\nfi\n# This output is used by Xcode 'outputs' to avoid re-running this script phase.\necho \"SUCCESS\" > \"${SCRIPT_OUTPUT_FILE_0}\"\n";
			showEnvVarsInLog = 0;
		};
		8EB883E648E63FDBD7A54F67 /* [CP] Copy Pods Resources */ = {
			isa = PBXShellScriptBuildPhase;
			buildActionMask = 2147483647;
			files = (
			);
			inputPaths = (
			);
			name = "[CP] Copy Pods Resources";
			outputPaths = (
			);
			runOnlyForDeploymentPostprocessing = 0;
			shellPath = /bin/sh;
			shellScript = "\"${SRCROOT}/Pods/Target Support Files/Pods-SwiftLocation-iOS Tests/Pods-SwiftLocation-iOS Tests-resources.sh\"\n";
			showEnvVarsInLog = 0;
		};
		8F66A96B62FE4219276729A2 /* [CP] Check Pods Manifest.lock */ = {
			isa = PBXShellScriptBuildPhase;
			buildActionMask = 2147483647;
			files = (
			);
			inputPaths = (
				"${PODS_PODFILE_DIR_PATH}/Podfile.lock",
				"${PODS_ROOT}/Manifest.lock",
			);
			name = "[CP] Check Pods Manifest.lock";
			outputPaths = (
				"$(DERIVED_FILE_DIR)/Pods-TestApplication-checkManifestLockResult.txt",
			);
			runOnlyForDeploymentPostprocessing = 0;
			shellPath = /bin/sh;
			shellScript = "diff \"${PODS_PODFILE_DIR_PATH}/Podfile.lock\" \"${PODS_ROOT}/Manifest.lock\" > /dev/null\nif [ $? != 0 ] ; then\n    # print error to STDERR\n    echo \"error: The sandbox is not in sync with the Podfile.lock. Run 'pod install' or update your CocoaPods installation.\" >&2\n    exit 1\nfi\n# This output is used by Xcode 'outputs' to avoid re-running this script phase.\necho \"SUCCESS\" > \"${SCRIPT_OUTPUT_FILE_0}\"\n";
			showEnvVarsInLog = 0;
		};
		96A32EB0CEA97EA9E88EAF77 /* [CP] Copy Pods Resources */ = {
			isa = PBXShellScriptBuildPhase;
			buildActionMask = 2147483647;
			files = (
			);
			inputPaths = (
			);
			name = "[CP] Copy Pods Resources";
			outputPaths = (
			);
			runOnlyForDeploymentPostprocessing = 0;
			shellPath = /bin/sh;
			shellScript = "\"${SRCROOT}/Pods/Target Support Files/Pods-TestApplication/Pods-TestApplication-resources.sh\"\n";
			showEnvVarsInLog = 0;
		};
		9E2F4121426A6420397A065F /* [CP] Copy Pods Resources */ = {
			isa = PBXShellScriptBuildPhase;
			buildActionMask = 2147483647;
			files = (
			);
			inputPaths = (
			);
			name = "[CP] Copy Pods Resources";
			outputPaths = (
			);
			runOnlyForDeploymentPostprocessing = 0;
			shellPath = /bin/sh;
			shellScript = "\"${SRCROOT}/Pods/Target Support Files/Pods-SwiftLocation-iOS/Pods-SwiftLocation-iOS-resources.sh\"\n";
			showEnvVarsInLog = 0;
		};
		E2B25B138939EAE47C04ED63 /* [CP] Check Pods Manifest.lock */ = {
			isa = PBXShellScriptBuildPhase;
			buildActionMask = 2147483647;
			files = (
			);
			inputPaths = (
				"${PODS_PODFILE_DIR_PATH}/Podfile.lock",
				"${PODS_ROOT}/Manifest.lock",
			);
			name = "[CP] Check Pods Manifest.lock";
			outputPaths = (
				"$(DERIVED_FILE_DIR)/Pods-SwiftLocation-iOS-checkManifestLockResult.txt",
			);
			runOnlyForDeploymentPostprocessing = 0;
			shellPath = /bin/sh;
			shellScript = "diff \"${PODS_PODFILE_DIR_PATH}/Podfile.lock\" \"${PODS_ROOT}/Manifest.lock\" > /dev/null\nif [ $? != 0 ] ; then\n    # print error to STDERR\n    echo \"error: The sandbox is not in sync with the Podfile.lock. Run 'pod install' or update your CocoaPods installation.\" >&2\n    exit 1\nfi\n# This output is used by Xcode 'outputs' to avoid re-running this script phase.\necho \"SUCCESS\" > \"${SCRIPT_OUTPUT_FILE_0}\"\n";
			showEnvVarsInLog = 0;
		};
/* End PBXShellScriptBuildPhase section */

/* Begin PBXSourcesBuildPhase section */
		52D6D9771BEFF229002C0205 /* Sources */ = {
			isa = PBXSourcesBuildPhase;
			buildActionMask = 2147483647;
			files = (
				6459B1281FA4B8B800E0CD53 /* GeocoderRequest.swift in Sources */,
				648810021FA36B3600AC0639 /* Shared.swift in Sources */,
				6459B1391FA5B68900E0CD53 /* IPLocationRequest.swift in Sources */,
				64880FED1FA3695500AC0639 /* Locator.swift in Sources */,
				6459B1341FA4E5CA00E0CD53 /* FindPlaceRequest.swift in Sources */,
				648810071FA36C9300AC0639 /* LocationRequest.swift in Sources */,
				640E5B371FA492F7006CFB2E /* HeadingRequest.swift in Sources */,
			);
			runOnlyForDeploymentPostprocessing = 0;
		};
		52D6D9821BEFF229002C0205 /* Sources */ = {
			isa = PBXSourcesBuildPhase;
			buildActionMask = 2147483647;
			files = (
				8933C7901EB5B82D000D00A4 /* SwiftLocationTests.swift in Sources */,
			);
			runOnlyForDeploymentPostprocessing = 0;
		};
		64880FD01FA3685400AC0639 /* Sources */ = {
			isa = PBXSourcesBuildPhase;
			buildActionMask = 2147483647;
			files = (
				64880FD91FA3685400AC0639 /* ViewController.swift in Sources */,
				64880FD71FA3685400AC0639 /* AppDelegate.swift in Sources */,
			);
			runOnlyForDeploymentPostprocessing = 0;
		};
/* End PBXSourcesBuildPhase section */

/* Begin PBXTargetDependency section */
		52D6D9891BEFF229002C0205 /* PBXTargetDependency */ = {
			isa = PBXTargetDependency;
			target = 52D6D97B1BEFF229002C0205 /* SwiftLocation-iOS */;
			targetProxy = 52D6D9881BEFF229002C0205 /* PBXContainerItemProxy */;
		};
		64880FE71FA3685E00AC0639 /* PBXTargetDependency */ = {
			isa = PBXTargetDependency;
			target = 52D6D97B1BEFF229002C0205 /* SwiftLocation-iOS */;
			targetProxy = 64880FE61FA3685E00AC0639 /* PBXContainerItemProxy */;
		};
/* End PBXTargetDependency section */

/* Begin PBXVariantGroup section */
		64880FDA1FA3685400AC0639 /* Main.storyboard */ = {
			isa = PBXVariantGroup;
			children = (
				64880FDB1FA3685400AC0639 /* Base */,
			);
			name = Main.storyboard;
			sourceTree = "<group>";
		};
		64880FDF1FA3685400AC0639 /* LaunchScreen.storyboard */ = {
			isa = PBXVariantGroup;
			children = (
				64880FE01FA3685400AC0639 /* Base */,
			);
			name = LaunchScreen.storyboard;
			sourceTree = "<group>";
		};
/* End PBXVariantGroup section */

/* Begin XCBuildConfiguration section */
		52D6D98E1BEFF229002C0205 /* Debug */ = {
			isa = XCBuildConfiguration;
			buildSettings = {
				ALWAYS_SEARCH_USER_PATHS = NO;
				CLANG_CXX_LANGUAGE_STANDARD = "gnu++0x";
				CLANG_CXX_LIBRARY = "libc++";
				CLANG_ENABLE_MODULES = YES;
				CLANG_ENABLE_OBJC_ARC = YES;
				CLANG_WARN_BLOCK_CAPTURE_AUTORELEASING = YES;
				CLANG_WARN_BOOL_CONVERSION = YES;
				CLANG_WARN_COMMA = YES;
				CLANG_WARN_CONSTANT_CONVERSION = YES;
				CLANG_WARN_DIRECT_OBJC_ISA_USAGE = YES_ERROR;
				CLANG_WARN_EMPTY_BODY = YES;
				CLANG_WARN_ENUM_CONVERSION = YES;
				CLANG_WARN_INFINITE_RECURSION = YES;
				CLANG_WARN_INT_CONVERSION = YES;
				CLANG_WARN_NON_LITERAL_NULL_CONVERSION = YES;
				CLANG_WARN_OBJC_LITERAL_CONVERSION = YES;
				CLANG_WARN_OBJC_ROOT_CLASS = YES_ERROR;
				CLANG_WARN_RANGE_LOOP_ANALYSIS = YES;
				CLANG_WARN_STRICT_PROTOTYPES = YES;
				CLANG_WARN_SUSPICIOUS_MOVE = YES;
				CLANG_WARN_UNREACHABLE_CODE = YES;
				CLANG_WARN__DUPLICATE_METHOD_MATCH = YES;
				"CODE_SIGN_IDENTITY[sdk=iphoneos*]" = "iPhone Developer";
				COPY_PHASE_STRIP = NO;
				CURRENT_PROJECT_VERSION = 1;
				DEBUG_INFORMATION_FORMAT = dwarf;
				ENABLE_STRICT_OBJC_MSGSEND = YES;
				ENABLE_TESTABILITY = YES;
				GCC_C_LANGUAGE_STANDARD = gnu99;
				GCC_DYNAMIC_NO_PIC = NO;
				GCC_NO_COMMON_BLOCKS = YES;
				GCC_OPTIMIZATION_LEVEL = 0;
				GCC_PREPROCESSOR_DEFINITIONS = (
					"DEBUG=1",
					"$(inherited)",
				);
				GCC_WARN_64_TO_32_BIT_CONVERSION = YES;
				GCC_WARN_ABOUT_RETURN_TYPE = YES_ERROR;
				GCC_WARN_UNDECLARED_SELECTOR = YES;
				GCC_WARN_UNINITIALIZED_AUTOS = YES_AGGRESSIVE;
				GCC_WARN_UNUSED_FUNCTION = YES;
				GCC_WARN_UNUSED_VARIABLE = YES;
				IPHONEOS_DEPLOYMENT_TARGET = 8.0;
				MTL_ENABLE_DEBUG_INFO = YES;
				ONLY_ACTIVE_ARCH = NO;
				SDKROOT = iphoneos;
				SWIFT_OPTIMIZATION_LEVEL = "-Onone";
				SWIFT_VERSION = 4.0;
				TARGETED_DEVICE_FAMILY = "1,2";
				VERSIONING_SYSTEM = "apple-generic";
				VERSION_INFO_PREFIX = "";
			};
			name = Debug;
		};
		52D6D98F1BEFF229002C0205 /* Release */ = {
			isa = XCBuildConfiguration;
			buildSettings = {
				ALWAYS_SEARCH_USER_PATHS = NO;
				CLANG_CXX_LANGUAGE_STANDARD = "gnu++0x";
				CLANG_CXX_LIBRARY = "libc++";
				CLANG_ENABLE_MODULES = YES;
				CLANG_ENABLE_OBJC_ARC = YES;
				CLANG_WARN_BLOCK_CAPTURE_AUTORELEASING = YES;
				CLANG_WARN_BOOL_CONVERSION = YES;
				CLANG_WARN_COMMA = YES;
				CLANG_WARN_CONSTANT_CONVERSION = YES;
				CLANG_WARN_DIRECT_OBJC_ISA_USAGE = YES_ERROR;
				CLANG_WARN_EMPTY_BODY = YES;
				CLANG_WARN_ENUM_CONVERSION = YES;
				CLANG_WARN_INFINITE_RECURSION = YES;
				CLANG_WARN_INT_CONVERSION = YES;
				CLANG_WARN_NON_LITERAL_NULL_CONVERSION = YES;
				CLANG_WARN_OBJC_LITERAL_CONVERSION = YES;
				CLANG_WARN_OBJC_ROOT_CLASS = YES_ERROR;
				CLANG_WARN_RANGE_LOOP_ANALYSIS = YES;
				CLANG_WARN_STRICT_PROTOTYPES = YES;
				CLANG_WARN_SUSPICIOUS_MOVE = YES;
				CLANG_WARN_UNREACHABLE_CODE = YES;
				CLANG_WARN__DUPLICATE_METHOD_MATCH = YES;
				"CODE_SIGN_IDENTITY[sdk=iphoneos*]" = "iPhone Developer";
				COPY_PHASE_STRIP = NO;
				CURRENT_PROJECT_VERSION = 1;
				DEBUG_INFORMATION_FORMAT = "dwarf-with-dsym";
				ENABLE_NS_ASSERTIONS = NO;
				ENABLE_STRICT_OBJC_MSGSEND = YES;
				GCC_C_LANGUAGE_STANDARD = gnu99;
				GCC_NO_COMMON_BLOCKS = YES;
				GCC_WARN_64_TO_32_BIT_CONVERSION = YES;
				GCC_WARN_ABOUT_RETURN_TYPE = YES_ERROR;
				GCC_WARN_UNDECLARED_SELECTOR = YES;
				GCC_WARN_UNINITIALIZED_AUTOS = YES_AGGRESSIVE;
				GCC_WARN_UNUSED_FUNCTION = YES;
				GCC_WARN_UNUSED_VARIABLE = YES;
				IPHONEOS_DEPLOYMENT_TARGET = 8.0;
				MTL_ENABLE_DEBUG_INFO = NO;
				ONLY_ACTIVE_ARCH = NO;
				SDKROOT = iphoneos;
				SWIFT_VERSION = 4.0;
				TARGETED_DEVICE_FAMILY = "1,2";
				VALIDATE_PRODUCT = YES;
				VERSIONING_SYSTEM = "apple-generic";
				VERSION_INFO_PREFIX = "";
			};
			name = Release;
		};
		52D6D9911BEFF229002C0205 /* Debug */ = {
			isa = XCBuildConfiguration;
			baseConfigurationReference = 7AF1700A8C1ABAA576299A16 /* Pods-SwiftLocation-iOS.debug.xcconfig */;
			buildSettings = {
				APPLICATION_EXTENSION_API_ONLY = YES;
				CLANG_ENABLE_MODULES = YES;
				"CODE_SIGN_IDENTITY[sdk=iphoneos*]" = "";
				DEFINES_MODULE = YES;
				DYLIB_COMPATIBILITY_VERSION = 1;
				DYLIB_CURRENT_VERSION = 1;
				DYLIB_INSTALL_NAME_BASE = "@rpath";
				FRAMEWORK_SEARCH_PATHS = "$(inherited)";
				INFOPLIST_FILE = Configs/SwiftLocation.plist;
				INSTALL_PATH = "$(LOCAL_LIBRARY_DIR)/Frameworks";
				IPHONEOS_DEPLOYMENT_TARGET = 9.0;
				LD_RUNPATH_SEARCH_PATHS = "$(inherited) @executable_path/Frameworks @loader_path/Frameworks";
				ONLY_ACTIVE_ARCH = NO;
				PRODUCT_BUNDLE_IDENTIFIER = "com.SwiftLocation.SwiftLocation-iOS";
				PRODUCT_NAME = SwiftLocation;
				SKIP_INSTALL = YES;
				SWIFT_OPTIMIZATION_LEVEL = "-Onone";
				SWIFT_VERSION = 4.0;
			};
			name = Debug;
		};
		52D6D9921BEFF229002C0205 /* Release */ = {
			isa = XCBuildConfiguration;
			baseConfigurationReference = 53B449FAA014A1D936DCB05E /* Pods-SwiftLocation-iOS.release.xcconfig */;
			buildSettings = {
				APPLICATION_EXTENSION_API_ONLY = YES;
				CLANG_ENABLE_MODULES = YES;
				"CODE_SIGN_IDENTITY[sdk=iphoneos*]" = "";
				DEFINES_MODULE = YES;
				DYLIB_COMPATIBILITY_VERSION = 1;
				DYLIB_CURRENT_VERSION = 1;
				DYLIB_INSTALL_NAME_BASE = "@rpath";
				FRAMEWORK_SEARCH_PATHS = "$(inherited)";
				INFOPLIST_FILE = Configs/SwiftLocation.plist;
				INSTALL_PATH = "$(LOCAL_LIBRARY_DIR)/Frameworks";
				IPHONEOS_DEPLOYMENT_TARGET = 9.0;
				LD_RUNPATH_SEARCH_PATHS = "$(inherited) @executable_path/Frameworks @loader_path/Frameworks";
				PRODUCT_BUNDLE_IDENTIFIER = "com.SwiftLocation.SwiftLocation-iOS";
				PRODUCT_NAME = SwiftLocation;
				SKIP_INSTALL = YES;
				SWIFT_OPTIMIZATION_LEVEL = "-Owholemodule";
				SWIFT_VERSION = 4.0;
			};
			name = Release;
		};
		52D6D9941BEFF229002C0205 /* Debug */ = {
			isa = XCBuildConfiguration;
			baseConfigurationReference = D374FC0CEB3F670ECA0B23A1 /* Pods-SwiftLocation-iOS Tests.debug.xcconfig */;
			buildSettings = {
				CLANG_ENABLE_MODULES = YES;
				INFOPLIST_FILE = Configs/SwiftLocationTests.plist;
				LD_RUNPATH_SEARCH_PATHS = "$(inherited) @executable_path/Frameworks @loader_path/Frameworks";
				PRODUCT_BUNDLE_IDENTIFIER = "com.SwiftLocation.SwiftLocation-iOS-Tests";
				PRODUCT_NAME = "$(TARGET_NAME)";
				SWIFT_OPTIMIZATION_LEVEL = "-Onone";
				SWIFT_VERSION = 4.0;
			};
			name = Debug;
		};
		52D6D9951BEFF229002C0205 /* Release */ = {
			isa = XCBuildConfiguration;
			baseConfigurationReference = ADA15DD7B5EE3AFD65C50E10 /* Pods-SwiftLocation-iOS Tests.release.xcconfig */;
			buildSettings = {
				CLANG_ENABLE_MODULES = YES;
				INFOPLIST_FILE = Configs/SwiftLocationTests.plist;
				LD_RUNPATH_SEARCH_PATHS = "$(inherited) @executable_path/Frameworks @loader_path/Frameworks";
				PRODUCT_BUNDLE_IDENTIFIER = "com.SwiftLocation.SwiftLocation-iOS-Tests";
				PRODUCT_NAME = "$(TARGET_NAME)";
				SWIFT_OPTIMIZATION_LEVEL = "-Owholemodule";
				SWIFT_VERSION = 4.0;
			};
			name = Release;
		};
		64880FE31FA3685400AC0639 /* Debug */ = {
			isa = XCBuildConfiguration;
			baseConfigurationReference = 1E1DC1B79C4E3B46E20E810C /* Pods-TestApplication.debug.xcconfig */;
			buildSettings = {
				ASSETCATALOG_COMPILER_APPICON_NAME = AppIcon;
				CLANG_ANALYZER_NONNULL = YES;
				CLANG_ANALYZER_NUMBER_OBJECT_CONVERSION = YES_AGGRESSIVE;
				CLANG_CXX_LANGUAGE_STANDARD = "gnu++14";
				CLANG_WARN_DOCUMENTATION_COMMENTS = YES;
				CLANG_WARN_UNGUARDED_AVAILABILITY = YES_AGGRESSIVE;
				CODE_SIGN_IDENTITY = "iPhone Developer";
				CODE_SIGN_STYLE = Automatic;
				DEVELOPMENT_TEAM = E5DU3FA699;
				GCC_C_LANGUAGE_STANDARD = gnu11;
				INFOPLIST_FILE = TestApplication/Info.plist;
				IPHONEOS_DEPLOYMENT_TARGET = 11.0;
				LD_RUNPATH_SEARCH_PATHS = "$(inherited) @executable_path/Frameworks";
				PRODUCT_BUNDLE_IDENTIFIER = com.danielemargutti.TestApplication;
				PRODUCT_NAME = "$(TARGET_NAME)";
				SWIFT_ACTIVE_COMPILATION_CONDITIONS = DEBUG;
				SWIFT_VERSION = 4.0;
				TARGETED_DEVICE_FAMILY = "1,2";
			};
			name = Debug;
		};
		64880FE41FA3685400AC0639 /* Release */ = {
			isa = XCBuildConfiguration;
			baseConfigurationReference = 9DC5973221C9D30FE0D0E204 /* Pods-TestApplication.release.xcconfig */;
			buildSettings = {
				ASSETCATALOG_COMPILER_APPICON_NAME = AppIcon;
				CLANG_ANALYZER_NONNULL = YES;
				CLANG_ANALYZER_NUMBER_OBJECT_CONVERSION = YES_AGGRESSIVE;
				CLANG_CXX_LANGUAGE_STANDARD = "gnu++14";
				CLANG_WARN_DOCUMENTATION_COMMENTS = YES;
				CLANG_WARN_UNGUARDED_AVAILABILITY = YES_AGGRESSIVE;
				CODE_SIGN_IDENTITY = "iPhone Developer";
				CODE_SIGN_STYLE = Automatic;
				DEVELOPMENT_TEAM = E5DU3FA699;
				GCC_C_LANGUAGE_STANDARD = gnu11;
				INFOPLIST_FILE = TestApplication/Info.plist;
				IPHONEOS_DEPLOYMENT_TARGET = 11.0;
				LD_RUNPATH_SEARCH_PATHS = "$(inherited) @executable_path/Frameworks";
				PRODUCT_BUNDLE_IDENTIFIER = com.danielemargutti.TestApplication;
				PRODUCT_NAME = "$(TARGET_NAME)";
				SWIFT_OPTIMIZATION_LEVEL = "-Owholemodule";
				SWIFT_VERSION = 4.0;
				TARGETED_DEVICE_FAMILY = "1,2";
			};
			name = Release;
		};
/* End XCBuildConfiguration section */

/* Begin XCConfigurationList section */
		52D6D9761BEFF229002C0205 /* Build configuration list for PBXProject "SwiftLocation" */ = {
			isa = XCConfigurationList;
			buildConfigurations = (
				52D6D98E1BEFF229002C0205 /* Debug */,
				52D6D98F1BEFF229002C0205 /* Release */,
			);
			defaultConfigurationIsVisible = 0;
			defaultConfigurationName = Release;
		};
		52D6D9901BEFF229002C0205 /* Build configuration list for PBXNativeTarget "SwiftLocation-iOS" */ = {
			isa = XCConfigurationList;
			buildConfigurations = (
				52D6D9911BEFF229002C0205 /* Debug */,
				52D6D9921BEFF229002C0205 /* Release */,
			);
			defaultConfigurationIsVisible = 0;
			defaultConfigurationName = Release;
		};
		52D6D9931BEFF229002C0205 /* Build configuration list for PBXNativeTarget "SwiftLocation-iOS Tests" */ = {
			isa = XCConfigurationList;
			buildConfigurations = (
				52D6D9941BEFF229002C0205 /* Debug */,
				52D6D9951BEFF229002C0205 /* Release */,
			);
			defaultConfigurationIsVisible = 0;
			defaultConfigurationName = Release;
		};
		64880FE51FA3685400AC0639 /* Build configuration list for PBXNativeTarget "TestApplication" */ = {
			isa = XCConfigurationList;
			buildConfigurations = (
				64880FE31FA3685400AC0639 /* Debug */,
				64880FE41FA3685400AC0639 /* Release */,
			);
			defaultConfigurationIsVisible = 0;
			defaultConfigurationName = Release;
		};
/* End XCConfigurationList section */
	};
	rootObject = 52D6D9731BEFF229002C0205 /* Project object */;
}
