// !$*UTF8*$!
{
	archiveVersion = 1;
	classes = {
	};
	objectVersion = 46;
	objects = {

/* Begin PBXBuildFile section */
		0851480F1CCB6B9A000C23BD /* AppDelegate.swift in Sources */ = {isa = PBXBuildFile; fileRef = 0851480E1CCB6B9A000C23BD /* AppDelegate.swift */; };
		085148111CCB6B9A000C23BD /* ViewController.swift in Sources */ = {isa = PBXBuildFile; fileRef = 085148101CCB6B9A000C23BD /* ViewController.swift */; };
		085148141CCB6B9A000C23BD /* Main.storyboard in Resources */ = {isa = PBXBuildFile; fileRef = 085148121CCB6B9A000C23BD /* Main.storyboard */; };
		085148161CCB6B9A000C23BD /* Assets.xcassets in Resources */ = {isa = PBXBuildFile; fileRef = 085148151CCB6B9A000C23BD /* Assets.xcassets */; };
		085148191CCB6B9A000C23BD /* LaunchScreen.storyboard in Resources */ = {isa = PBXBuildFile; fileRef = 085148171CCB6B9A000C23BD /* LaunchScreen.storyboard */; };
		085148241CCB6B9A000C23BD /* SwiftLocationExampleTests.swift in Sources */ = {isa = PBXBuildFile; fileRef = 085148231CCB6B9A000C23BD /* SwiftLocationExampleTests.swift */; };
		0890660E1CD4E7CF0013BF0B /* BeaconManager.swift in Sources */ = {isa = PBXBuildFile; fileRef = 089066061CD4E7CF0013BF0B /* BeaconManager.swift */; };
		0890660F1CD4E7CF0013BF0B /* BeaconRequest.swift in Sources */ = {isa = PBXBuildFile; fileRef = 089066071CD4E7CF0013BF0B /* BeaconRequest.swift */; };
		089066101CD4E7CF0013BF0B /* DataTypes.swift in Sources */ = {isa = PBXBuildFile; fileRef = 089066081CD4E7CF0013BF0B /* DataTypes.swift */; };
		089066111CD4E7CF0013BF0B /* HeadingRequest.swift in Sources */ = {isa = PBXBuildFile; fileRef = 089066091CD4E7CF0013BF0B /* HeadingRequest.swift */; };
		089066121CD4E7CF0013BF0B /* LocationManager.swift in Sources */ = {isa = PBXBuildFile; fileRef = 0890660A1CD4E7CF0013BF0B /* LocationManager.swift */; };
		089066131CD4E7CF0013BF0B /* LocationRequest.swift in Sources */ = {isa = PBXBuildFile; fileRef = 0890660B1CD4E7CF0013BF0B /* LocationRequest.swift */; };
		089066141CD4E7CF0013BF0B /* RegionRequest.swift in Sources */ = {isa = PBXBuildFile; fileRef = 0890660C1CD4E7CF0013BF0B /* RegionRequest.swift */; };
		089066151CD4E7CF0013BF0B /* VisitRequest.swift in Sources */ = {isa = PBXBuildFile; fileRef = 0890660D1CD4E7CF0013BF0B /* VisitRequest.swift */; };
/* End PBXBuildFile section */

/* Begin PBXContainerItemProxy section */
		085148201CCB6B9A000C23BD /* PBXContainerItemProxy */ = {
			isa = PBXContainerItemProxy;
			containerPortal = 085148031CCB6B9A000C23BD /* Project object */;
			proxyType = 1;
			remoteGlobalIDString = 0851480A1CCB6B9A000C23BD;
			remoteInfo = SwiftLocationExample;
		};
/* End PBXContainerItemProxy section */

/* Begin PBXFileReference section */
		0851480B1CCB6B9A000C23BD /* SwiftLocationExample.app */ = {isa = PBXFileReference; explicitFileType = wrapper.application; includeInIndex = 0; path = SwiftLocationExample.app; sourceTree = BUILT_PRODUCTS_DIR; };
		0851480E1CCB6B9A000C23BD /* AppDelegate.swift */ = {isa = PBXFileReference; lastKnownFileType = sourcecode.swift; path = AppDelegate.swift; sourceTree = "<group>"; };
		085148101CCB6B9A000C23BD /* ViewController.swift */ = {isa = PBXFileReference; lastKnownFileType = sourcecode.swift; path = ViewController.swift; sourceTree = "<group>"; };
		085148131CCB6B9A000C23BD /* Base */ = {isa = PBXFileReference; lastKnownFileType = file.storyboard; name = Base; path = Base.lproj/Main.storyboard; sourceTree = "<group>"; };
		085148151CCB6B9A000C23BD /* Assets.xcassets */ = {isa = PBXFileReference; lastKnownFileType = folder.assetcatalog; path = Assets.xcassets; sourceTree = "<group>"; };
		085148181CCB6B9A000C23BD /* Base */ = {isa = PBXFileReference; lastKnownFileType = file.storyboard; name = Base; path = Base.lproj/LaunchScreen.storyboard; sourceTree = "<group>"; };
		0851481A1CCB6B9A000C23BD /* Info.plist */ = {isa = PBXFileReference; lastKnownFileType = text.plist.xml; path = Info.plist; sourceTree = "<group>"; };
		0851481F1CCB6B9A000C23BD /* SwiftLocationExampleTests.xctest */ = {isa = PBXFileReference; explicitFileType = wrapper.cfbundle; includeInIndex = 0; path = SwiftLocationExampleTests.xctest; sourceTree = BUILT_PRODUCTS_DIR; };
		085148231CCB6B9A000C23BD /* SwiftLocationExampleTests.swift */ = {isa = PBXFileReference; lastKnownFileType = sourcecode.swift; path = SwiftLocationExampleTests.swift; sourceTree = "<group>"; };
		085148251CCB6B9A000C23BD /* Info.plist */ = {isa = PBXFileReference; lastKnownFileType = text.plist.xml; path = Info.plist; sourceTree = "<group>"; };
		089066061CD4E7CF0013BF0B /* BeaconManager.swift */ = {isa = PBXFileReference; fileEncoding = 4; lastKnownFileType = sourcecode.swift; name = BeaconManager.swift; path = ../../../src/BeaconManager.swift; sourceTree = "<group>"; };
		089066071CD4E7CF0013BF0B /* BeaconRequest.swift */ = {isa = PBXFileReference; fileEncoding = 4; lastKnownFileType = sourcecode.swift; name = BeaconRequest.swift; path = ../../../src/BeaconRequest.swift; sourceTree = "<group>"; };
		089066081CD4E7CF0013BF0B /* DataTypes.swift */ = {isa = PBXFileReference; fileEncoding = 4; lastKnownFileType = sourcecode.swift; name = DataTypes.swift; path = ../../../src/DataTypes.swift; sourceTree = "<group>"; };
		089066091CD4E7CF0013BF0B /* HeadingRequest.swift */ = {isa = PBXFileReference; fileEncoding = 4; lastKnownFileType = sourcecode.swift; name = HeadingRequest.swift; path = ../../../src/HeadingRequest.swift; sourceTree = "<group>"; };
		0890660A1CD4E7CF0013BF0B /* LocationManager.swift */ = {isa = PBXFileReference; fileEncoding = 4; lastKnownFileType = sourcecode.swift; name = LocationManager.swift; path = ../../../src/LocationManager.swift; sourceTree = "<group>"; };
		0890660B1CD4E7CF0013BF0B /* LocationRequest.swift */ = {isa = PBXFileReference; fileEncoding = 4; lastKnownFileType = sourcecode.swift; name = LocationRequest.swift; path = ../../../src/LocationRequest.swift; sourceTree = "<group>"; };
		0890660C1CD4E7CF0013BF0B /* RegionRequest.swift */ = {isa = PBXFileReference; fileEncoding = 4; lastKnownFileType = sourcecode.swift; name = RegionRequest.swift; path = ../../../src/RegionRequest.swift; sourceTree = "<group>"; };
		0890660D1CD4E7CF0013BF0B /* VisitRequest.swift */ = {isa = PBXFileReference; fileEncoding = 4; lastKnownFileType = sourcecode.swift; name = VisitRequest.swift; path = ../../../src/VisitRequest.swift; sourceTree = "<group>"; };
/* End PBXFileReference section */

/* Begin PBXFrameworksBuildPhase section */
		085148081CCB6B9A000C23BD /* Frameworks */ = {
			isa = PBXFrameworksBuildPhase;
			buildActionMask = 2147483647;
			files = (
			);
			runOnlyForDeploymentPostprocessing = 0;
		};
		0851481C1CCB6B9A000C23BD /* Frameworks */ = {
			isa = PBXFrameworksBuildPhase;
			buildActionMask = 2147483647;
			files = (
			);
			runOnlyForDeploymentPostprocessing = 0;
		};
/* End PBXFrameworksBuildPhase section */

/* Begin PBXGroup section */
		085148021CCB6B9A000C23BD = {
			isa = PBXGroup;
			children = (
				0851480D1CCB6B9A000C23BD /* SwiftLocationExample */,
				085148221CCB6B9A000C23BD /* SwiftLocationExampleTests */,
				0851480C1CCB6B9A000C23BD /* Products */,
			);
			sourceTree = "<group>";
		};
		0851480C1CCB6B9A000C23BD /* Products */ = {
			isa = PBXGroup;
			children = (
				0851480B1CCB6B9A000C23BD /* SwiftLocationExample.app */,
				0851481F1CCB6B9A000C23BD /* SwiftLocationExampleTests.xctest */,
			);
			name = Products;
			sourceTree = "<group>";
		};
		0851480D1CCB6B9A000C23BD /* SwiftLocationExample */ = {
			isa = PBXGroup;
			children = (
				0851480E1CCB6B9A000C23BD /* AppDelegate.swift */,
				085148101CCB6B9A000C23BD /* ViewController.swift */,
				085148121CCB6B9A000C23BD /* Main.storyboard */,
				085148151CCB6B9A000C23BD /* Assets.xcassets */,
				085148171CCB6B9A000C23BD /* LaunchScreen.storyboard */,
				0851481A1CCB6B9A000C23BD /* Info.plist */,
				BAE99D558D6CBFC4291CE722 /* SwiftLocation */,
			);
			path = SwiftLocationExample;
			sourceTree = "<group>";
		};
		085148221CCB6B9A000C23BD /* SwiftLocationExampleTests */ = {
			isa = PBXGroup;
			children = (
				085148231CCB6B9A000C23BD /* SwiftLocationExampleTests.swift */,
				085148251CCB6B9A000C23BD /* Info.plist */,
			);
			path = SwiftLocationExampleTests;
			sourceTree = "<group>";
		};
		BAE99D558D6CBFC4291CE722 /* SwiftLocation */ = {
			isa = PBXGroup;
			children = (
				089066061CD4E7CF0013BF0B /* BeaconManager.swift */,
				089066071CD4E7CF0013BF0B /* BeaconRequest.swift */,
				089066081CD4E7CF0013BF0B /* DataTypes.swift */,
				089066091CD4E7CF0013BF0B /* HeadingRequest.swift */,
				0890660A1CD4E7CF0013BF0B /* LocationManager.swift */,
				0890660B1CD4E7CF0013BF0B /* LocationRequest.swift */,
				0890660C1CD4E7CF0013BF0B /* RegionRequest.swift */,
				0890660D1CD4E7CF0013BF0B /* VisitRequest.swift */,
			);
			path = SwiftLocation;
			sourceTree = "<group>";
		};
/* End PBXGroup section */

/* Begin PBXNativeTarget section */
		0851480A1CCB6B9A000C23BD /* SwiftLocationExample */ = {
			isa = PBXNativeTarget;
			buildConfigurationList = 085148281CCB6B9A000C23BD /* Build configuration list for PBXNativeTarget "SwiftLocationExample" */;
			buildPhases = (
				085148071CCB6B9A000C23BD /* Sources */,
				085148081CCB6B9A000C23BD /* Frameworks */,
				085148091CCB6B9A000C23BD /* Resources */,
			);
			buildRules = (
			);
			dependencies = (
			);
			name = SwiftLocationExample;
			productName = SwiftLocationExample;
			productReference = 0851480B1CCB6B9A000C23BD /* SwiftLocationExample.app */;
			productType = "com.apple.product-type.application";
		};
		0851481E1CCB6B9A000C23BD /* SwiftLocationExampleTests */ = {
			isa = PBXNativeTarget;
			buildConfigurationList = 0851482B1CCB6B9A000C23BD /* Build configuration list for PBXNativeTarget "SwiftLocationExampleTests" */;
			buildPhases = (
				0851481B1CCB6B9A000C23BD /* Sources */,
				0851481C1CCB6B9A000C23BD /* Frameworks */,
				0851481D1CCB6B9A000C23BD /* Resources */,
			);
			buildRules = (
			);
			dependencies = (
				085148211CCB6B9A000C23BD /* PBXTargetDependency */,
			);
			name = SwiftLocationExampleTests;
			productName = SwiftLocationExampleTests;
			productReference = 0851481F1CCB6B9A000C23BD /* SwiftLocationExampleTests.xctest */;
			productType = "com.apple.product-type.bundle.unit-test";
		};
/* End PBXNativeTarget section */

/* Begin PBXProject section */
		085148031CCB6B9A000C23BD /* Project object */ = {
			isa = PBXProject;
			attributes = {
				LastSwiftUpdateCheck = 0730;
				LastUpgradeCheck = 0730;
				ORGANIZATIONNAME = danielemargutti;
				TargetAttributes = {
					0851480A1CCB6B9A000C23BD = {
						CreatedOnToolsVersion = 7.3;
						SystemCapabilities = {
							com.apple.BackgroundModes = {
								enabled = 1;
							};
						};
					};
					0851481E1CCB6B9A000C23BD = {
						CreatedOnToolsVersion = 7.3;
						TestTargetID = 0851480A1CCB6B9A000C23BD;
					};
				};
			};
			buildConfigurationList = 085148061CCB6B9A000C23BD /* Build configuration list for PBXProject "SwiftLocationExample" */;
			compatibilityVersion = "Xcode 3.2";
			developmentRegion = English;
			hasScannedForEncodings = 0;
			knownRegions = (
				en,
				Base,
			);
			mainGroup = 085148021CCB6B9A000C23BD;
			productRefGroup = 0851480C1CCB6B9A000C23BD /* Products */;
			projectDirPath = "";
			projectRoot = "";
			targets = (
				0851480A1CCB6B9A000C23BD /* SwiftLocationExample */,
				0851481E1CCB6B9A000C23BD /* SwiftLocationExampleTests */,
			);
		};
/* End PBXProject section */

/* Begin PBXResourcesBuildPhase section */
		085148091CCB6B9A000C23BD /* Resources */ = {
			isa = PBXResourcesBuildPhase;
			buildActionMask = 2147483647;
			files = (
				085148191CCB6B9A000C23BD /* LaunchScreen.storyboard in Resources */,
				085148161CCB6B9A000C23BD /* Assets.xcassets in Resources */,
				085148141CCB6B9A000C23BD /* Main.storyboard in Resources */,
			);
			runOnlyForDeploymentPostprocessing = 0;
		};
		0851481D1CCB6B9A000C23BD /* Resources */ = {
			isa = PBXResourcesBuildPhase;
			buildActionMask = 2147483647;
			files = (
			);
			runOnlyForDeploymentPostprocessing = 0;
		};
/* End PBXResourcesBuildPhase section */

/* Begin PBXSourcesBuildPhase section */
		085148071CCB6B9A000C23BD /* Sources */ = {
			isa = PBXSourcesBuildPhase;
			buildActionMask = 2147483647;
			files = (
				0890660E1CD4E7CF0013BF0B /* BeaconManager.swift in Sources */,
				085148111CCB6B9A000C23BD /* ViewController.swift in Sources */,
				089066141CD4E7CF0013BF0B /* RegionRequest.swift in Sources */,
				089066131CD4E7CF0013BF0B /* LocationRequest.swift in Sources */,
				089066111CD4E7CF0013BF0B /* HeadingRequest.swift in Sources */,
				089066121CD4E7CF0013BF0B /* LocationManager.swift in Sources */,
				089066101CD4E7CF0013BF0B /* DataTypes.swift in Sources */,
				089066151CD4E7CF0013BF0B /* VisitRequest.swift in Sources */,
				0851480F1CCB6B9A000C23BD /* AppDelegate.swift in Sources */,
				0890660F1CD4E7CF0013BF0B /* BeaconRequest.swift in Sources */,
			);
			runOnlyForDeploymentPostprocessing = 0;
		};
		0851481B1CCB6B9A000C23BD /* Sources */ = {
			isa = PBXSourcesBuildPhase;
			buildActionMask = 2147483647;
			files = (
				085148241CCB6B9A000C23BD /* SwiftLocationExampleTests.swift in Sources */,
			);
			runOnlyForDeploymentPostprocessing = 0;
		};
/* End PBXSourcesBuildPhase section */

/* Begin PBXTargetDependency section */
		085148211CCB6B9A000C23BD /* PBXTargetDependency */ = {
			isa = PBXTargetDependency;
			target = 0851480A1CCB6B9A000C23BD /* SwiftLocationExample */;
			targetProxy = 085148201CCB6B9A000C23BD /* PBXContainerItemProxy */;
		};
/* End PBXTargetDependency section */

/* Begin PBXVariantGroup section */
		085148121CCB6B9A000C23BD /* Main.storyboard */ = {
			isa = PBXVariantGroup;
			children = (
				085148131CCB6B9A000C23BD /* Base */,
			);
			name = Main.storyboard;
			sourceTree = "<group>";
		};
		085148171CCB6B9A000C23BD /* LaunchScreen.storyboard */ = {
			isa = PBXVariantGroup;
			children = (
				085148181CCB6B9A000C23BD /* Base */,
			);
			name = LaunchScreen.storyboard;
			sourceTree = "<group>";
		};
/* End PBXVariantGroup section */

/* Begin XCBuildConfiguration section */
		085148261CCB6B9A000C23BD /* Debug */ = {
			isa = XCBuildConfiguration;
			buildSettings = {
				ALWAYS_SEARCH_USER_PATHS = NO;
				CLANG_ANALYZER_NONNULL = YES;
				CLANG_CXX_LANGUAGE_STANDARD = "gnu++0x";
				CLANG_CXX_LIBRARY = "libc++";
				CLANG_ENABLE_MODULES = YES;
				CLANG_ENABLE_OBJC_ARC = YES;
				CLANG_WARN_BOOL_CONVERSION = YES;
				CLANG_WARN_CONSTANT_CONVERSION = YES;
				CLANG_WARN_DIRECT_OBJC_ISA_USAGE = YES_ERROR;
				CLANG_WARN_EMPTY_BODY = YES;
				CLANG_WARN_ENUM_CONVERSION = YES;
				CLANG_WARN_INT_CONVERSION = YES;
				CLANG_WARN_OBJC_ROOT_CLASS = YES_ERROR;
				CLANG_WARN_UNREACHABLE_CODE = YES;
				CLANG_WARN__DUPLICATE_METHOD_MATCH = YES;
				"CODE_SIGN_IDENTITY[sdk=iphoneos*]" = "iPhone Developer";
				COPY_PHASE_STRIP = NO;
				DEBUG_INFORMATION_FORMAT = dwarf;
				ENABLE_STRICT_OBJC_MSGSEND = YES;
				ENABLE_TESTABILITY = YES;
				GCC_C_LANGUAGE_STANDARD = gnu99;
				GCC_DYNAMIC_NO_PIC = NO;
				GCC_NO_COMMON_BLOCKS = YES;
				GCC_OPTIMIZATION_LEVEL = 0;
				GCC_PREPROCESSOR_DEFINITIONS = (
					"DEBUG=1",
					"$(inherited)",
				);
				GCC_WARN_64_TO_32_BIT_CONVERSION = YES;
				GCC_WARN_ABOUT_RETURN_TYPE = YES_ERROR;
				GCC_WARN_UNDECLARED_SELECTOR = YES;
				GCC_WARN_UNINITIALIZED_AUTOS = YES_AGGRESSIVE;
				GCC_WARN_UNUSED_FUNCTION = YES;
				GCC_WARN_UNUSED_VARIABLE = YES;
				IPHONEOS_DEPLOYMENT_TARGET = 9.3;
				MTL_ENABLE_DEBUG_INFO = YES;
				ONLY_ACTIVE_ARCH = YES;
				SDKROOT = iphoneos;
				SWIFT_OPTIMIZATION_LEVEL = "-Onone";
			};
			name = Debug;
		};
		085148271CCB6B9A000C23BD /* Release */ = {
			isa = XCBuildConfiguration;
			buildSettings = {
				ALWAYS_SEARCH_USER_PATHS = NO;
				CLANG_ANALYZER_NONNULL = YES;
				CLANG_CXX_LANGUAGE_STANDARD = "gnu++0x";
				CLANG_CXX_LIBRARY = "libc++";
				CLANG_ENABLE_MODULES = YES;
				CLANG_ENABLE_OBJC_ARC = YES;
				CLANG_WARN_BOOL_CONVERSION = YES;
				CLANG_WARN_CONSTANT_CONVERSION = YES;
				CLANG_WARN_DIRECT_OBJC_ISA_USAGE = YES_ERROR;
				CLANG_WARN_EMPTY_BODY = YES;
				CLANG_WARN_ENUM_CONVERSION = YES;
				CLANG_WARN_INT_CONVERSION = YES;
				CLANG_WARN_OBJC_ROOT_CLASS = YES_ERROR;
				CLANG_WARN_UNREACHABLE_CODE = YES;
				CLANG_WARN__DUPLICATE_METHOD_MATCH = YES;
				"CODE_SIGN_IDENTITY[sdk=iphoneos*]" = "iPhone Developer";
				COPY_PHASE_STRIP = NO;
				DEBUG_INFORMATION_FORMAT = "dwarf-with-dsym";
				ENABLE_NS_ASSERTIONS = NO;
				ENABLE_STRICT_OBJC_MSGSEND = YES;
				GCC_C_LANGUAGE_STANDARD = gnu99;
				GCC_NO_COMMON_BLOCKS = YES;
				GCC_WARN_64_TO_32_BIT_CONVERSION = YES;
				GCC_WARN_ABOUT_RETURN_TYPE = YES_ERROR;
				GCC_WARN_UNDECLARED_SELECTOR = YES;
				GCC_WARN_UNINITIALIZED_AUTOS = YES_AGGRESSIVE;
				GCC_WARN_UNUSED_FUNCTION = YES;
				GCC_WARN_UNUSED_VARIABLE = YES;
				IPHONEOS_DEPLOYMENT_TARGET = 9.3;
				MTL_ENABLE_DEBUG_INFO = NO;
				SDKROOT = iphoneos;
				VALIDATE_PRODUCT = YES;
			};
			name = Release;
		};
		085148291CCB6B9A000C23BD /* Debug */ = {
			isa = XCBuildConfiguration;
			buildSettings = {
				ASSETCATALOG_COMPILER_APPICON_NAME = AppIcon;
				INFOPLIST_FILE = SwiftLocationExample/Info.plist;
				LD_RUNPATH_SEARCH_PATHS = "$(inherited) @executable_path/Frameworks";
				PRODUCT_BUNDLE_IDENTIFIER = com.danielemargutti.SwiftLocationExample;
				PRODUCT_NAME = "$(TARGET_NAME)";
			};
			name = Debug;
		};
		0851482A1CCB6B9A000C23BD /* Release */ = {
			isa = XCBuildConfiguration;
			buildSettings = {
				ASSETCATALOG_COMPILER_APPICON_NAME = AppIcon;
				INFOPLIST_FILE = SwiftLocationExample/Info.plist;
				LD_RUNPATH_SEARCH_PATHS = "$(inherited) @executable_path/Frameworks";
				PRODUCT_BUNDLE_IDENTIFIER = com.danielemargutti.SwiftLocationExample;
				PRODUCT_NAME = "$(TARGET_NAME)";
			};
			name = Release;
		};
		0851482C1CCB6B9A000C23BD /* Debug */ = {
			isa = XCBuildConfiguration;
			buildSettings = {
				BUNDLE_LOADER = "$(TEST_HOST)";
				INFOPLIST_FILE = SwiftLocationExampleTests/Info.plist;
				LD_RUNPATH_SEARCH_PATHS = "$(inherited) @executable_path/Frameworks @loader_path/Frameworks";
				PRODUCT_BUNDLE_IDENTIFIER = com.danielemargutti.SwiftLocationExampleTests;
				PRODUCT_NAME = "$(TARGET_NAME)";
				TEST_HOST = "$(BUILT_PRODUCTS_DIR)/SwiftLocationExample.app/SwiftLocationExample";
			};
			name = Debug;
		};
		0851482D1CCB6B9A000C23BD /* Release */ = {
			isa = XCBuildConfiguration;
			buildSettings = {
				BUNDLE_LOADER = "$(TEST_HOST)";
				INFOPLIST_FILE = SwiftLocationExampleTests/Info.plist;
				LD_RUNPATH_SEARCH_PATHS = "$(inherited) @executable_path/Frameworks @loader_path/Frameworks";
				PRODUCT_BUNDLE_IDENTIFIER = com.danielemargutti.SwiftLocationExampleTests;
				PRODUCT_NAME = "$(TARGET_NAME)";
				TEST_HOST = "$(BUILT_PRODUCTS_DIR)/SwiftLocationExample.app/SwiftLocationExample";
			};
			name = Release;
		};
/* End XCBuildConfiguration section */

/* Begin XCConfigurationList section */
		085148061CCB6B9A000C23BD /* Build configuration list for PBXProject "SwiftLocationExample" */ = {
			isa = XCConfigurationList;
			buildConfigurations = (
				085148261CCB6B9A000C23BD /* Debug */,
				085148271CCB6B9A000C23BD /* Release */,
			);
			defaultConfigurationIsVisible = 0;
			defaultConfigurationName = Release;
		};
		085148281CCB6B9A000C23BD /* Build configuration list for PBXNativeTarget "SwiftLocationExample" */ = {
			isa = XCConfigurationList;
			buildConfigurations = (
				085148291CCB6B9A000C23BD /* Debug */,
				0851482A1CCB6B9A000C23BD /* Release */,
			);
			defaultConfigurationIsVisible = 0;
			defaultConfigurationName = Release;
		};
		0851482B1CCB6B9A000C23BD /* Build configuration list for PBXNativeTarget "SwiftLocationExampleTests" */ = {
			isa = XCConfigurationList;
			buildConfigurations = (
				0851482C1CCB6B9A000C23BD /* Debug */,
				0851482D1CCB6B9A000C23BD /* Release */,
			);
			defaultConfigurationIsVisible = 0;
			defaultConfigurationName = Release;
		};
/* End XCConfigurationList section */
	};
	rootObject = 085148031CCB6B9A000C23BD /* Project object */;
}
