// !$*UTF8*$!
{
	archiveVersion = 1;
	classes = {
	};
	objectVersion = 46;
	objects = {

/* Begin PBXBuildFile section */
		64073D721B6BBD92001E6B6D /* AppDelegate.swift in Sources */ = {isa = PBXBuildFile; fileRef = 64073D711B6BBD92001E6B6D /* AppDelegate.swift */; };
		64073D741B6BBD92001E6B6D /* ViewController.swift in Sources */ = {isa = PBXBuildFile; fileRef = 64073D731B6BBD92001E6B6D /* ViewController.swift */; };
		64073D771B6BBD92001E6B6D /* Main.storyboard in Resources */ = {isa = PBXBuildFile; fileRef = 64073D751B6BBD92001E6B6D /* Main.storyboard */; };
		64073D791B6BBD92001E6B6D /* Images.xcassets in Resources */ = {isa = PBXBuildFile; fileRef = 64073D781B6BBD92001E6B6D /* Images.xcassets */; };
		64073D7C1B6BBD92001E6B6D /* LaunchScreen.xib in Resources */ = {isa = PBXBuildFile; fileRef = 64073D7A1B6BBD92001E6B6D /* LaunchScreen.xib */; };
		64073D881B6BBD93001E6B6D /* SwiftLocationExampleTests.swift in Sources */ = {isa = PBXBuildFile; fileRef = 64073D871B6BBD93001E6B6D /* SwiftLocationExampleTests.swift */; };
		64073D921B6BBDBA001E6B6D /* SwiftLocation.swift in Sources */ = {isa = PBXBuildFile; fileRef = 64073D911B6BBDBA001E6B6D /* SwiftLocation.swift */; };
		64073D941B6BBDDF001E6B6D /* Tests.swift in Sources */ = {isa = PBXBuildFile; fileRef = 64073D931B6BBDDF001E6B6D /* Tests.swift */; };
		64073D961B6BBDF4001E6B6D /* CoreLocation.framework in Frameworks */ = {isa = PBXBuildFile; fileRef = 64073D951B6BBDF4001E6B6D /* CoreLocation.framework */; };
		64073D981B6BBDF9001E6B6D /* MapKit.framework in Frameworks */ = {isa = PBXBuildFile; fileRef = 64073D971B6BBDF9001E6B6D /* MapKit.framework */; };
		64073D991B6BBE0D001E6B6D /* SwiftLocation.swift in Sources */ = {isa = PBXBuildFile; fileRef = 64073D911B6BBDBA001E6B6D /* SwiftLocation.swift */; };
		64073D9E1B6BD136001E6B6D /* stratford.gpx in Resources */ = {isa = PBXBuildFile; fileRef = 64073D9D1B6BD136001E6B6D /* stratford.gpx */; };
/* End PBXBuildFile section */

/* Begin PBXContainerItemProxy section */
		64073D821B6BBD93001E6B6D /* PBXContainerItemProxy */ = {
			isa = PBXContainerItemProxy;
			containerPortal = 64073D641B6BBD92001E6B6D /* Project object */;
			proxyType = 1;
			remoteGlobalIDString = 64073D6B1B6BBD92001E6B6D;
			remoteInfo = SwiftLocationExample;
		};
/* End PBXContainerItemProxy section */

/* Begin PBXFileReference section */
		64073D6C1B6BBD92001E6B6D /* SwiftLocationExample.app */ = {isa = PBXFileReference; explicitFileType = wrapper.application; includeInIndex = 0; path = SwiftLocationExample.app; sourceTree = BUILT_PRODUCTS_DIR; };
		64073D701B6BBD92001E6B6D /* Info.plist */ = {isa = PBXFileReference; lastKnownFileType = text.plist.xml; path = Info.plist; sourceTree = "<group>"; };
		64073D711B6BBD92001E6B6D /* AppDelegate.swift */ = {isa = PBXFileReference; lastKnownFileType = sourcecode.swift; path = AppDelegate.swift; sourceTree = "<group>"; };
		64073D731B6BBD92001E6B6D /* ViewController.swift */ = {isa = PBXFileReference; lastKnownFileType = sourcecode.swift; path = ViewController.swift; sourceTree = "<group>"; };
		64073D761B6BBD92001E6B6D /* Base */ = {isa = PBXFileReference; lastKnownFileType = file.storyboard; name = Base; path = Base.lproj/Main.storyboard; sourceTree = "<group>"; };
		64073D781B6BBD92001E6B6D /* Images.xcassets */ = {isa = PBXFileReference; lastKnownFileType = folder.assetcatalog; path = Images.xcassets; sourceTree = "<group>"; };
		64073D7B1B6BBD92001E6B6D /* Base */ = {isa = PBXFileReference; lastKnownFileType = file.xib; name = Base; path = Base.lproj/LaunchScreen.xib; sourceTree = "<group>"; };
		64073D811B6BBD93001E6B6D /* SwiftLocationExampleTests.xctest */ = {isa = PBXFileReference; explicitFileType = wrapper.cfbundle; includeInIndex = 0; path = SwiftLocationExampleTests.xctest; sourceTree = BUILT_PRODUCTS_DIR; };
		64073D861B6BBD93001E6B6D /* Info.plist */ = {isa = PBXFileReference; lastKnownFileType = text.plist.xml; path = Info.plist; sourceTree = "<group>"; };
		64073D871B6BBD93001E6B6D /* SwiftLocationExampleTests.swift */ = {isa = PBXFileReference; lastKnownFileType = sourcecode.swift; path = SwiftLocationExampleTests.swift; sourceTree = "<group>"; };
		64073D911B6BBDBA001E6B6D /* SwiftLocation.swift */ = {isa = PBXFileReference; fileEncoding = 4; lastKnownFileType = sourcecode.swift; name = SwiftLocation.swift; path = ../../Pod/Classes/SwiftLocation.swift; sourceTree = "<group>"; };
		64073D931B6BBDDF001E6B6D /* Tests.swift */ = {isa = PBXFileReference; fileEncoding = 4; lastKnownFileType = sourcecode.swift; name = Tests.swift; path = ../Tests.swift; sourceTree = "<group>"; };
		64073D951B6BBDF4001E6B6D /* CoreLocation.framework */ = {isa = PBXFileReference; lastKnownFileType = wrapper.framework; name = CoreLocation.framework; path = System/Library/Frameworks/CoreLocation.framework; sourceTree = SDKROOT; };
		64073D971B6BBDF9001E6B6D /* MapKit.framework */ = {isa = PBXFileReference; lastKnownFileType = wrapper.framework; name = MapKit.framework; path = System/Library/Frameworks/MapKit.framework; sourceTree = SDKROOT; };
		64073D9D1B6BD136001E6B6D /* stratford.gpx */ = {isa = PBXFileReference; fileEncoding = 4; lastKnownFileType = text.xml; path = stratford.gpx; sourceTree = "<group>"; };
/* End PBXFileReference section */

/* Begin PBXFrameworksBuildPhase section */
		64073D691B6BBD92001E6B6D /* Frameworks */ = {
			isa = PBXFrameworksBuildPhase;
			buildActionMask = 2147483647;
			files = (
				64073D981B6BBDF9001E6B6D /* MapKit.framework in Frameworks */,
				64073D961B6BBDF4001E6B6D /* CoreLocation.framework in Frameworks */,
			);
			runOnlyForDeploymentPostprocessing = 0;
		};
		64073D7E1B6BBD93001E6B6D /* Frameworks */ = {
			isa = PBXFrameworksBuildPhase;
			buildActionMask = 2147483647;
			files = (
			);
			runOnlyForDeploymentPostprocessing = 0;
		};
/* End PBXFrameworksBuildPhase section */

/* Begin PBXGroup section */
		64073D631B6BBD92001E6B6D = {
			isa = PBXGroup;
			children = (
				64073D6E1B6BBD92001E6B6D /* SwiftLocationExample */,
				64073D841B6BBD93001E6B6D /* SwiftLocationExampleTests */,
				64073D6D1B6BBD92001E6B6D /* Products */,
			);
			sourceTree = "<group>";
		};
		64073D6D1B6BBD92001E6B6D /* Products */ = {
			isa = PBXGroup;
			children = (
				64073D6C1B6BBD92001E6B6D /* SwiftLocationExample.app */,
				64073D811B6BBD93001E6B6D /* SwiftLocationExampleTests.xctest */,
			);
			name = Products;
			sourceTree = "<group>";
		};
		64073D6E1B6BBD92001E6B6D /* SwiftLocationExample */ = {
			isa = PBXGroup;
			children = (
				64073D711B6BBD92001E6B6D /* AppDelegate.swift */,
				64073D731B6BBD92001E6B6D /* ViewController.swift */,
				64073D9A1B6BBE9D001E6B6D /* SwiftLocation */,
				64073D751B6BBD92001E6B6D /* Main.storyboard */,
				64073D781B6BBD92001E6B6D /* Images.xcassets */,
				64073D7A1B6BBD92001E6B6D /* LaunchScreen.xib */,
				64073D6F1B6BBD92001E6B6D /* Supporting Files */,
			);
			path = SwiftLocationExample;
			sourceTree = "<group>";
		};
		64073D6F1B6BBD92001E6B6D /* Supporting Files */ = {
			isa = PBXGroup;
			children = (
				64073D971B6BBDF9001E6B6D /* MapKit.framework */,
				64073D951B6BBDF4001E6B6D /* CoreLocation.framework */,
				64073D701B6BBD92001E6B6D /* Info.plist */,
			);
			name = "Supporting Files";
			sourceTree = "<group>";
		};
		64073D841B6BBD93001E6B6D /* SwiftLocationExampleTests */ = {
			isa = PBXGroup;
			children = (
				64073D871B6BBD93001E6B6D /* SwiftLocationExampleTests.swift */,
				64073D851B6BBD93001E6B6D /* Supporting Files */,
			);
			path = SwiftLocationExampleTests;
			sourceTree = "<group>";
		};
		64073D851B6BBD93001E6B6D /* Supporting Files */ = {
			isa = PBXGroup;
			children = (
				64073D861B6BBD93001E6B6D /* Info.plist */,
			);
			name = "Supporting Files";
			sourceTree = "<group>";
		};
		64073D9A1B6BBE9D001E6B6D /* SwiftLocation */ = {
			isa = PBXGroup;
			children = (
				64073D911B6BBDBA001E6B6D /* SwiftLocation.swift */,
				64073D931B6BBDDF001E6B6D /* Tests.swift */,
				64073D9D1B6BD136001E6B6D /* stratford.gpx */,
			);
			name = SwiftLocation;
			sourceTree = "<group>";
		};
/* End PBXGroup section */

/* Begin PBXNativeTarget section */
		64073D6B1B6BBD92001E6B6D /* SwiftLocationExample */ = {
			isa = PBXNativeTarget;
			buildConfigurationList = 64073D8B1B6BBD93001E6B6D /* Build configuration list for PBXNativeTarget "SwiftLocationExample" */;
			buildPhases = (
				64073D681B6BBD92001E6B6D /* Sources */,
				64073D691B6BBD92001E6B6D /* Frameworks */,
				64073D6A1B6BBD92001E6B6D /* Resources */,
			);
			buildRules = (
			);
			dependencies = (
			);
			name = SwiftLocationExample;
			productName = SwiftLocationExample;
			productReference = 64073D6C1B6BBD92001E6B6D /* SwiftLocationExample.app */;
			productType = "com.apple.product-type.application";
		};
		64073D801B6BBD93001E6B6D /* SwiftLocationExampleTests */ = {
			isa = PBXNativeTarget;
			buildConfigurationList = 64073D8E1B6BBD93001E6B6D /* Build configuration list for PBXNativeTarget "SwiftLocationExampleTests" */;
			buildPhases = (
				64073D7D1B6BBD93001E6B6D /* Sources */,
				64073D7E1B6BBD93001E6B6D /* Frameworks */,
				64073D7F1B6BBD93001E6B6D /* Resources */,
			);
			buildRules = (
			);
			dependencies = (
				64073D831B6BBD93001E6B6D /* PBXTargetDependency */,
			);
			name = SwiftLocationExampleTests;
			productName = SwiftLocationExampleTests;
			productReference = 64073D811B6BBD93001E6B6D /* SwiftLocationExampleTests.xctest */;
			productType = "com.apple.product-type.bundle.unit-test";
		};
/* End PBXNativeTarget section */

/* Begin PBXProject section */
		64073D641B6BBD92001E6B6D /* Project object */ = {
			isa = PBXProject;
			attributes = {
				LastSwiftMigration = 0700;
				LastSwiftUpdateCheck = 0700;
				LastUpgradeCheck = 0700;
				ORGANIZATIONNAME = danielemargutti;
				TargetAttributes = {
					64073D6B1B6BBD92001E6B6D = {
						CreatedOnToolsVersion = 6.4;
					};
					64073D801B6BBD93001E6B6D = {
						CreatedOnToolsVersion = 6.4;
						TestTargetID = 64073D6B1B6BBD92001E6B6D;
					};
				};
			};
			buildConfigurationList = 64073D671B6BBD92001E6B6D /* Build configuration list for PBXProject "SwiftLocationExample" */;
			compatibilityVersion = "Xcode 3.2";
			developmentRegion = English;
			hasScannedForEncodings = 0;
			knownRegions = (
				en,
				Base,
			);
			mainGroup = 64073D631B6BBD92001E6B6D;
			productRefGroup = 64073D6D1B6BBD92001E6B6D /* Products */;
			projectDirPath = "";
			projectRoot = "";
			targets = (
				64073D6B1B6BBD92001E6B6D /* SwiftLocationExample */,
				64073D801B6BBD93001E6B6D /* SwiftLocationExampleTests */,
			);
		};
/* End PBXProject section */

/* Begin PBXResourcesBuildPhase section */
		64073D6A1B6BBD92001E6B6D /* Resources */ = {
			isa = PBXResourcesBuildPhase;
			buildActionMask = 2147483647;
			files = (
				64073D771B6BBD92001E6B6D /* Main.storyboard in Resources */,
				64073D7C1B6BBD92001E6B6D /* LaunchScreen.xib in Resources */,
				64073D791B6BBD92001E6B6D /* Images.xcassets in Resources */,
				64073D9E1B6BD136001E6B6D /* stratford.gpx in Resources */,
			);
			runOnlyForDeploymentPostprocessing = 0;
		};
		64073D7F1B6BBD93001E6B6D /* Resources */ = {
			isa = PBXResourcesBuildPhase;
			buildActionMask = 2147483647;
			files = (
			);
			runOnlyForDeploymentPostprocessing = 0;
		};
/* End PBXResourcesBuildPhase section */

/* Begin PBXSourcesBuildPhase section */
		64073D681B6BBD92001E6B6D /* Sources */ = {
			isa = PBXSourcesBuildPhase;
			buildActionMask = 2147483647;
			files = (
				64073D921B6BBDBA001E6B6D /* SwiftLocation.swift in Sources */,
				64073D741B6BBD92001E6B6D /* ViewController.swift in Sources */,
				64073D721B6BBD92001E6B6D /* AppDelegate.swift in Sources */,
			);
			runOnlyForDeploymentPostprocessing = 0;
		};
		64073D7D1B6BBD93001E6B6D /* Sources */ = {
			isa = PBXSourcesBuildPhase;
			buildActionMask = 2147483647;
			files = (
				64073D991B6BBE0D001E6B6D /* SwiftLocation.swift in Sources */,
				64073D881B6BBD93001E6B6D /* SwiftLocationExampleTests.swift in Sources */,
				64073D941B6BBDDF001E6B6D /* Tests.swift in Sources */,
			);
			runOnlyForDeploymentPostprocessing = 0;
		};
/* End PBXSourcesBuildPhase section */

/* Begin PBXTargetDependency section */
		64073D831B6BBD93001E6B6D /* PBXTargetDependency */ = {
			isa = PBXTargetDependency;
			target = 64073D6B1B6BBD92001E6B6D /* SwiftLocationExample */;
			targetProxy = 64073D821B6BBD93001E6B6D /* PBXContainerItemProxy */;
		};
/* End PBXTargetDependency section */

/* Begin PBXVariantGroup section */
		64073D751B6BBD92001E6B6D /* Main.storyboard */ = {
			isa = PBXVariantGroup;
			children = (
				64073D761B6BBD92001E6B6D /* Base */,
			);
			name = Main.storyboard;
			sourceTree = "<group>";
		};
		64073D7A1B6BBD92001E6B6D /* LaunchScreen.xib */ = {
			isa = PBXVariantGroup;
			children = (
				64073D7B1B6BBD92001E6B6D /* Base */,
			);
			name = LaunchScreen.xib;
			sourceTree = "<group>";
		};
/* End PBXVariantGroup section */

/* Begin XCBuildConfiguration section */
		64073D891B6BBD93001E6B6D /* Debug */ = {
			isa = XCBuildConfiguration;
			buildSettings = {
				ALWAYS_SEARCH_USER_PATHS = NO;
				CLANG_CXX_LANGUAGE_STANDARD = "gnu++0x";
				CLANG_CXX_LIBRARY = "libc++";
				CLANG_ENABLE_MODULES = YES;
				CLANG_ENABLE_OBJC_ARC = YES;
				CLANG_WARN_BOOL_CONVERSION = YES;
				CLANG_WARN_CONSTANT_CONVERSION = YES;
				CLANG_WARN_DIRECT_OBJC_ISA_USAGE = YES_ERROR;
				CLANG_WARN_EMPTY_BODY = YES;
				CLANG_WARN_ENUM_CONVERSION = YES;
				CLANG_WARN_INT_CONVERSION = YES;
				CLANG_WARN_OBJC_ROOT_CLASS = YES_ERROR;
				CLANG_WARN_UNREACHABLE_CODE = YES;
				CLANG_WARN__DUPLICATE_METHOD_MATCH = YES;
				"CODE_SIGN_IDENTITY[sdk=iphoneos*]" = "iPhone Developer";
				COPY_PHASE_STRIP = NO;
				DEBUG_INFORMATION_FORMAT = "dwarf-with-dsym";
				ENABLE_STRICT_OBJC_MSGSEND = YES;
				ENABLE_TESTABILITY = YES;
				GCC_C_LANGUAGE_STANDARD = gnu99;
				GCC_DYNAMIC_NO_PIC = NO;
				GCC_NO_COMMON_BLOCKS = YES;
				GCC_OPTIMIZATION_LEVEL = 0;
				GCC_PREPROCESSOR_DEFINITIONS = (
					"DEBUG=1",
					"$(inherited)",
				);
				GCC_SYMBOLS_PRIVATE_EXTERN = NO;
				GCC_WARN_64_TO_32_BIT_CONVERSION = YES;
				GCC_WARN_ABOUT_RETURN_TYPE = YES_ERROR;
				GCC_WARN_UNDECLARED_SELECTOR = YES;
				GCC_WARN_UNINITIALIZED_AUTOS = YES_AGGRESSIVE;
				GCC_WARN_UNUSED_FUNCTION = YES;
				GCC_WARN_UNUSED_VARIABLE = YES;
				IPHONEOS_DEPLOYMENT_TARGET = 8.4;
				MTL_ENABLE_DEBUG_INFO = YES;
				ONLY_ACTIVE_ARCH = YES;
				SDKROOT = iphoneos;
				SWIFT_OPTIMIZATION_LEVEL = "-Onone";
			};
			name = Debug;
		};
		64073D8A1B6BBD93001E6B6D /* Release */ = {
			isa = XCBuildConfiguration;
			buildSettings = {
				ALWAYS_SEARCH_USER_PATHS = NO;
				CLANG_CXX_LANGUAGE_STANDARD = "gnu++0x";
				CLANG_CXX_LIBRARY = "libc++";
				CLANG_ENABLE_MODULES = YES;
				CLANG_ENABLE_OBJC_ARC = YES;
				CLANG_WARN_BOOL_CONVERSION = YES;
				CLANG_WARN_CONSTANT_CONVERSION = YES;
				CLANG_WARN_DIRECT_OBJC_ISA_USAGE = YES_ERROR;
				CLANG_WARN_EMPTY_BODY = YES;
				CLANG_WARN_ENUM_CONVERSION = YES;
				CLANG_WARN_INT_CONVERSION = YES;
				CLANG_WARN_OBJC_ROOT_CLASS = YES_ERROR;
				CLANG_WARN_UNREACHABLE_CODE = YES;
				CLANG_WARN__DUPLICATE_METHOD_MATCH = YES;
				"CODE_SIGN_IDENTITY[sdk=iphoneos*]" = "iPhone Developer";
				COPY_PHASE_STRIP = NO;
				DEBUG_INFORMATION_FORMAT = "dwarf-with-dsym";
				ENABLE_NS_ASSERTIONS = NO;
				ENABLE_STRICT_OBJC_MSGSEND = YES;
				GCC_C_LANGUAGE_STANDARD = gnu99;
				GCC_NO_COMMON_BLOCKS = YES;
				GCC_WARN_64_TO_32_BIT_CONVERSION = YES;
				GCC_WARN_ABOUT_RETURN_TYPE = YES_ERROR;
				GCC_WARN_UNDECLARED_SELECTOR = YES;
				GCC_WARN_UNINITIALIZED_AUTOS = YES_AGGRESSIVE;
				GCC_WARN_UNUSED_FUNCTION = YES;
				GCC_WARN_UNUSED_VARIABLE = YES;
				IPHONEOS_DEPLOYMENT_TARGET = 8.4;
				MTL_ENABLE_DEBUG_INFO = NO;
				SDKROOT = iphoneos;
				VALIDATE_PRODUCT = YES;
			};
			name = Release;
		};
		64073D8C1B6BBD93001E6B6D /* Debug */ = {
			isa = XCBuildConfiguration;
			buildSettings = {
				ASSETCATALOG_COMPILER_APPICON_NAME = AppIcon;
				INFOPLIST_FILE = SwiftLocationExample/Info.plist;
				LD_RUNPATH_SEARCH_PATHS = "$(inherited) @executable_path/Frameworks";
				PRODUCT_BUNDLE_IDENTIFIER = "danielemargutti.$(PRODUCT_NAME:rfc1034identifier)";
				PRODUCT_NAME = "$(TARGET_NAME)";
			};
			name = Debug;
		};
		64073D8D1B6BBD93001E6B6D /* Release */ = {
			isa = XCBuildConfiguration;
			buildSettings = {
				ASSETCATALOG_COMPILER_APPICON_NAME = AppIcon;
				INFOPLIST_FILE = SwiftLocationExample/Info.plist;
				LD_RUNPATH_SEARCH_PATHS = "$(inherited) @executable_path/Frameworks";
				PRODUCT_BUNDLE_IDENTIFIER = "danielemargutti.$(PRODUCT_NAME:rfc1034identifier)";
				PRODUCT_NAME = "$(TARGET_NAME)";
			};
			name = Release;
		};
		64073D8F1B6BBD93001E6B6D /* Debug */ = {
			isa = XCBuildConfiguration;
			buildSettings = {
				BUNDLE_LOADER = "$(TEST_HOST)";
				FRAMEWORK_SEARCH_PATHS = (
					"$(SDKROOT)/Developer/Library/Frameworks",
					"$(inherited)",
				);
				GCC_PREPROCESSOR_DEFINITIONS = (
					"DEBUG=1",
					"$(inherited)",
				);
				INFOPLIST_FILE = SwiftLocationExampleTests/Info.plist;
				LD_RUNPATH_SEARCH_PATHS = "$(inherited) @executable_path/Frameworks @loader_path/Frameworks";
				PRODUCT_BUNDLE_IDENTIFIER = "danielemargutti.$(PRODUCT_NAME:rfc1034identifier)";
				PRODUCT_NAME = "$(TARGET_NAME)";
				TEST_HOST = "$(BUILT_PRODUCTS_DIR)/SwiftLocationExample.app/SwiftLocationExample";
			};
			name = Debug;
		};
		64073D901B6BBD93001E6B6D /* Release */ = {
			isa = XCBuildConfiguration;
			buildSettings = {
				BUNDLE_LOADER = "$(TEST_HOST)";
				FRAMEWORK_SEARCH_PATHS = (
					"$(SDKROOT)/Developer/Library/Frameworks",
					"$(inherited)",
				);
				INFOPLIST_FILE = SwiftLocationExampleTests/Info.plist;
				LD_RUNPATH_SEARCH_PATHS = "$(inherited) @executable_path/Frameworks @loader_path/Frameworks";
				PRODUCT_BUNDLE_IDENTIFIER = "danielemargutti.$(PRODUCT_NAME:rfc1034identifier)";
				PRODUCT_NAME = "$(TARGET_NAME)";
				TEST_HOST = "$(BUILT_PRODUCTS_DIR)/SwiftLocationExample.app/SwiftLocationExample";
			};
			name = Release;
		};
/* End XCBuildConfiguration section */

/* Begin XCConfigurationList section */
		64073D671B6BBD92001E6B6D /* Build configuration list for PBXProject "SwiftLocationExample" */ = {
			isa = XCConfigurationList;
			buildConfigurations = (
				64073D891B6BBD93001E6B6D /* Debug */,
				64073D8A1B6BBD93001E6B6D /* Release */,
			);
			defaultConfigurationIsVisible = 0;
			defaultConfigurationName = Release;
		};
		64073D8B1B6BBD93001E6B6D /* Build configuration list for PBXNativeTarget "SwiftLocationExample" */ = {
			isa = XCConfigurationList;
			buildConfigurations = (
				64073D8C1B6BBD93001E6B6D /* Debug */,
				64073D8D1B6BBD93001E6B6D /* Release */,
			);
			defaultConfigurationIsVisible = 0;
			defaultConfigurationName = Release;
		};
		64073D8E1B6BBD93001E6B6D /* Build configuration list for PBXNativeTarget "SwiftLocationExampleTests" */ = {
			isa = XCConfigurationList;
			buildConfigurations = (
				64073D8F1B6BBD93001E6B6D /* Debug */,
				64073D901B6BBD93001E6B6D /* Release */,
			);
			defaultConfigurationIsVisible = 0;
			defaultConfigurationName = Release;
		};
/* End XCConfigurationList section */
	};
	rootObject = 64073D641B6BBD92001E6B6D /* Project object */;
}
