// !$*UTF8*$!
{
	archiveVersion = 1;
	classes = {
	};
	objectVersion = 46;
	objects = {

/* Begin PBXBuildFile section */
		08819F171CD51F9B00EFD938 /* SwiftLocation.h in Headers */ = {isa = PBXBuildFile; fileRef = 08819F161CD51F9B00EFD938 /* SwiftLocation.h */; settings = {ATTRIBUTES = (Public, ); }; };
		08819F1E1CD51F9B00EFD938 /* SwiftLocation.framework in Frameworks */ = {isa = PBXBuildFile; fileRef = 08819F131CD51F9B00EFD938 /* SwiftLocation.framework */; };
		08819F231CD51F9B00EFD938 /* SwiftLocationTests.swift in Sources */ = {isa = PBXBuildFile; fileRef = 08819F221CD51F9B00EFD938 /* SwiftLocationTests.swift */; };
		08819F371CD51FA700EFD938 /* Commons.swift in Sources */ = {isa = PBXBuildFile; fileRef = 08819F2F1CD51FA700EFD938 /* Commons.swift */; };
		08819F381CD51FA700EFD938 /* HeadingRequest.swift in Sources */ = {isa = PBXBuildFile; fileRef = 08819F301CD51FA700EFD938 /* HeadingRequest.swift */; };
		08819F391CD51FA700EFD938 /* LocationManager.swift in Sources */ = {isa = PBXBuildFile; fileRef = 08819F311CD51FA700EFD938 /* LocationManager.swift */; };
		08819F3A1CD51FA700EFD938 /* LocationRequest.swift in Sources */ = {isa = PBXBuildFile; fileRef = 08819F321CD51FA700EFD938 /* LocationRequest.swift */; };
		08819F3C1CD51FA700EFD938 /* VisitRequest.swift in Sources */ = {isa = PBXBuildFile; fileRef = 08819F341CD51FA700EFD938 /* VisitRequest.swift */; };
		210301211D6CA7BE00A0A38C /* BeaconsManager.swift in Sources */ = {isa = PBXBuildFile; fileRef = 210301201D6CA7BE00A0A38C /* BeaconsManager.swift */; };
		210301231D6CBEF100A0A38C /* GeoRegionRequest.swift in Sources */ = {isa = PBXBuildFile; fileRef = 210301221D6CBEF100A0A38C /* GeoRegionRequest.swift */; };
		210301251D6CD22F00A0A38C /* BeaconRegionRequest.swift in Sources */ = {isa = PBXBuildFile; fileRef = 210301241D6CD22F00A0A38C /* BeaconRegionRequest.swift */; };
		210301271D6CDD2B00A0A38C /* BeaconAdvertiseRequest.swift in Sources */ = {isa = PBXBuildFile; fileRef = 210301261D6CDD2B00A0A38C /* BeaconAdvertiseRequest.swift */; };
		213F850B1D61C7FC00835DCA /* AppDelegate.swift in Sources */ = {isa = PBXBuildFile; fileRef = 213F850A1D61C7FC00835DCA /* AppDelegate.swift */; };
		213F850D1D61C7FC00835DCA /* ViewController.swift in Sources */ = {isa = PBXBuildFile; fileRef = 213F850C1D61C7FC00835DCA /* ViewController.swift */; };
		213F85101D61C7FC00835DCA /* Main.storyboard in Resources */ = {isa = PBXBuildFile; fileRef = 213F850E1D61C7FC00835DCA /* Main.storyboard */; };
		213F85121D61C7FC00835DCA /* Assets.xcassets in Resources */ = {isa = PBXBuildFile; fileRef = 213F85111D61C7FC00835DCA /* Assets.xcassets */; };
		213F85151D61C7FC00835DCA /* LaunchScreen.storyboard in Resources */ = {isa = PBXBuildFile; fileRef = 213F85131D61C7FC00835DCA /* LaunchScreen.storyboard */; };
		213F851C1D61C80900835DCA /* SwiftLocation.framework in Frameworks */ = {isa = PBXBuildFile; fileRef = 08819F131CD51F9B00EFD938 /* SwiftLocation.framework */; };
		213F851E1D61C81700835DCA /* SwiftLocation.framework in Copy Frameworks */ = {isa = PBXBuildFile; fileRef = 08819F131CD51F9B00EFD938 /* SwiftLocation.framework */; settings = {ATTRIBUTES = (CodeSignOnCopy, RemoveHeadersOnCopy, ); }; };
/* End PBXBuildFile section */

/* Begin PBXContainerItemProxy section */
		08819F1F1CD51F9B00EFD938 /* PBXContainerItemProxy */ = {
			isa = PBXContainerItemProxy;
			containerPortal = 08819F0A1CD51F9B00EFD938 /* Project object */;
			proxyType = 1;
			remoteGlobalIDString = 08819F121CD51F9B00EFD938;
			remoteInfo = SwiftLocation;
		};
		213F851A1D61C80500835DCA /* PBXContainerItemProxy */ = {
			isa = PBXContainerItemProxy;
			containerPortal = 08819F0A1CD51F9B00EFD938 /* Project object */;
			proxyType = 1;
			remoteGlobalIDString = 08819F121CD51F9B00EFD938;
			remoteInfo = SwiftLocation;
		};
/* End PBXContainerItemProxy section */

/* Begin PBXCopyFilesBuildPhase section */
		213F851D1D61C80B00835DCA /* Copy Frameworks */ = {
			isa = PBXCopyFilesBuildPhase;
			buildActionMask = 2147483647;
			dstPath = "";
			dstSubfolderSpec = 10;
			files = (
				213F851E1D61C81700835DCA /* SwiftLocation.framework in Copy Frameworks */,
			);
			name = "Copy Frameworks";
			runOnlyForDeploymentPostprocessing = 0;
		};
/* End PBXCopyFilesBuildPhase section */

/* Begin PBXFileReference section */
		08819F131CD51F9B00EFD938 /* SwiftLocation.framework */ = {isa = PBXFileReference; explicitFileType = wrapper.framework; includeInIndex = 0; path = SwiftLocation.framework; sourceTree = BUILT_PRODUCTS_DIR; };
		08819F161CD51F9B00EFD938 /* SwiftLocation.h */ = {isa = PBXFileReference; lastKnownFileType = sourcecode.c.h; path = SwiftLocation.h; sourceTree = "<group>"; };
		08819F181CD51F9B00EFD938 /* Info.plist */ = {isa = PBXFileReference; lastKnownFileType = text.plist.xml; path = Info.plist; sourceTree = "<group>"; };
		08819F1D1CD51F9B00EFD938 /* SwiftLocationTests.xctest */ = {isa = PBXFileReference; explicitFileType = wrapper.cfbundle; includeInIndex = 0; path = SwiftLocationTests.xctest; sourceTree = BUILT_PRODUCTS_DIR; };
		08819F221CD51F9B00EFD938 /* SwiftLocationTests.swift */ = {isa = PBXFileReference; lastKnownFileType = sourcecode.swift; path = SwiftLocationTests.swift; sourceTree = "<group>"; };
		08819F241CD51F9B00EFD938 /* Info.plist */ = {isa = PBXFileReference; lastKnownFileType = text.plist.xml; path = Info.plist; sourceTree = "<group>"; };
		08819F2F1CD51FA700EFD938 /* Commons.swift */ = {isa = PBXFileReference; fileEncoding = 4; lastKnownFileType = sourcecode.swift; name = Commons.swift; path = ../../src/Commons.swift; sourceTree = "<group>"; };
		08819F301CD51FA700EFD938 /* HeadingRequest.swift */ = {isa = PBXFileReference; fileEncoding = 4; lastKnownFileType = sourcecode.swift; name = HeadingRequest.swift; path = ../../src/HeadingRequest.swift; sourceTree = "<group>"; };
		08819F311CD51FA700EFD938 /* LocationManager.swift */ = {isa = PBXFileReference; fileEncoding = 4; lastKnownFileType = sourcecode.swift; name = LocationManager.swift; path = ../../src/LocationManager.swift; sourceTree = "<group>"; };
		08819F321CD51FA700EFD938 /* LocationRequest.swift */ = {isa = PBXFileReference; fileEncoding = 4; lastKnownFileType = sourcecode.swift; name = LocationRequest.swift; path = ../../src/LocationRequest.swift; sourceTree = "<group>"; };
		08819F341CD51FA700EFD938 /* VisitRequest.swift */ = {isa = PBXFileReference; fileEncoding = 4; lastKnownFileType = sourcecode.swift; name = VisitRequest.swift; path = ../../src/VisitRequest.swift; sourceTree = "<group>"; };
		210301201D6CA7BE00A0A38C /* BeaconsManager.swift */ = {isa = PBXFileReference; fileEncoding = 4; lastKnownFileType = sourcecode.swift; name = BeaconsManager.swift; path = ../../src/BeaconsManager.swift; sourceTree = "<group>"; };
		210301221D6CBEF100A0A38C /* GeoRegionRequest.swift */ = {isa = PBXFileReference; fileEncoding = 4; lastKnownFileType = sourcecode.swift; name = GeoRegionRequest.swift; path = ../../src/GeoRegionRequest.swift; sourceTree = "<group>"; };
		210301241D6CD22F00A0A38C /* BeaconRegionRequest.swift */ = {isa = PBXFileReference; fileEncoding = 4; lastKnownFileType = sourcecode.swift; name = BeaconRegionRequest.swift; path = ../../src/BeaconRegionRequest.swift; sourceTree = "<group>"; };
		210301261D6CDD2B00A0A38C /* BeaconAdvertiseRequest.swift */ = {isa = PBXFileReference; fileEncoding = 4; lastKnownFileType = sourcecode.swift; name = BeaconAdvertiseRequest.swift; path = ../../src/BeaconAdvertiseRequest.swift; sourceTree = "<group>"; };
		213F85081D61C7FC00835DCA /* SwiftLocationDemo.app */ = {isa = PBXFileReference; explicitFileType = wrapper.application; includeInIndex = 0; path = SwiftLocationDemo.app; sourceTree = BUILT_PRODUCTS_DIR; };
		213F850A1D61C7FC00835DCA /* AppDelegate.swift */ = {isa = PBXFileReference; lastKnownFileType = sourcecode.swift; path = AppDelegate.swift; sourceTree = "<group>"; };
		213F850C1D61C7FC00835DCA /* ViewController.swift */ = {isa = PBXFileReference; lastKnownFileType = sourcecode.swift; path = ViewController.swift; sourceTree = "<group>"; };
		213F850F1D61C7FC00835DCA /* Base */ = {isa = PBXFileReference; lastKnownFileType = file.storyboard; name = Base; path = Base.lproj/Main.storyboard; sourceTree = "<group>"; };
		213F85111D61C7FC00835DCA /* Assets.xcassets */ = {isa = PBXFileReference; lastKnownFileType = folder.assetcatalog; path = Assets.xcassets; sourceTree = "<group>"; };
		213F85141D61C7FC00835DCA /* Base */ = {isa = PBXFileReference; lastKnownFileType = file.storyboard; name = Base; path = Base.lproj/LaunchScreen.storyboard; sourceTree = "<group>"; };
		213F85161D61C7FC00835DCA /* Info.plist */ = {isa = PBXFileReference; lastKnownFileType = text.plist.xml; path = Info.plist; sourceTree = "<group>"; };
/* End PBXFileReference section */

/* Begin PBXFrameworksBuildPhase section */
		08819F0F1CD51F9B00EFD938 /* Frameworks */ = {
			isa = PBXFrameworksBuildPhase;
			buildActionMask = 2147483647;
			files = (
			);
			runOnlyForDeploymentPostprocessing = 0;
		};
		08819F1A1CD51F9B00EFD938 /* Frameworks */ = {
			isa = PBXFrameworksBuildPhase;
			buildActionMask = 2147483647;
			files = (
				08819F1E1CD51F9B00EFD938 /* SwiftLocation.framework in Frameworks */,
			);
			runOnlyForDeploymentPostprocessing = 0;
		};
		213F85051D61C7FC00835DCA /* Frameworks */ = {
			isa = PBXFrameworksBuildPhase;
			buildActionMask = 2147483647;
			files = (
				213F851C1D61C80900835DCA /* SwiftLocation.framework in Frameworks */,
			);
			runOnlyForDeploymentPostprocessing = 0;
		};
/* End PBXFrameworksBuildPhase section */

/* Begin PBXGroup section */
		08819F091CD51F9B00EFD938 = {
			isa = PBXGroup;
			children = (
				08819F151CD51F9B00EFD938 /* SwiftLocation */,
				08819F211CD51F9B00EFD938 /* SwiftLocationTests */,
				213F85091D61C7FC00835DCA /* SwiftLocationDemo */,
				08819F141CD51F9B00EFD938 /* Products */,
			);
			sourceTree = "<group>";
		};
		08819F141CD51F9B00EFD938 /* Products */ = {
			isa = PBXGroup;
			children = (
				08819F131CD51F9B00EFD938 /* SwiftLocation.framework */,
				08819F1D1CD51F9B00EFD938 /* SwiftLocationTests.xctest */,
				213F85081D61C7FC00835DCA /* SwiftLocationDemo.app */,
			);
			name = Products;
			sourceTree = "<group>";
		};
		08819F151CD51F9B00EFD938 /* SwiftLocation */ = {
			isa = PBXGroup;
			children = (
				08819F161CD51F9B00EFD938 /* SwiftLocation.h */,
				08819F2F1CD51FA700EFD938 /* Commons.swift */,
				08819F3D1CD51FAD00EFD938 /* Beacon Services */,
				08819F3E1CD51FB600EFD938 /* Location Services */,
				08819F181CD51F9B00EFD938 /* Info.plist */,
			);
			path = SwiftLocation;
			sourceTree = "<group>";
		};
		08819F211CD51F9B00EFD938 /* SwiftLocationTests */ = {
			isa = PBXGroup;
			children = (
				08819F221CD51F9B00EFD938 /* SwiftLocationTests.swift */,
				08819F241CD51F9B00EFD938 /* Info.plist */,
			);
			path = SwiftLocationTests;
			sourceTree = "<group>";
		};
		08819F3D1CD51FAD00EFD938 /* Beacon Services */ = {
			isa = PBXGroup;
			children = (
				210301201D6CA7BE00A0A38C /* BeaconsManager.swift */,
				210301221D6CBEF100A0A38C /* GeoRegionRequest.swift */,
				210301241D6CD22F00A0A38C /* BeaconRegionRequest.swift */,
				210301261D6CDD2B00A0A38C /* BeaconAdvertiseRequest.swift */,
			);
			name = "Beacon Services";
			sourceTree = "<group>";
		};
		08819F3E1CD51FB600EFD938 /* Location Services */ = {
			isa = PBXGroup;
			children = (
				08819F311CD51FA700EFD938 /* LocationManager.swift */,
				08819F301CD51FA700EFD938 /* HeadingRequest.swift */,
				08819F321CD51FA700EFD938 /* LocationRequest.swift */,
				08819F341CD51FA700EFD938 /* VisitRequest.swift */,
			);
			name = "Location Services";
			sourceTree = "<group>";
		};
		213F85091D61C7FC00835DCA /* SwiftLocationDemo */ = {
			isa = PBXGroup;
			children = (
				213F850A1D61C7FC00835DCA /* AppDelegate.swift */,
				213F850C1D61C7FC00835DCA /* ViewController.swift */,
				213F850E1D61C7FC00835DCA /* Main.storyboard */,
				213F85111D61C7FC00835DCA /* Assets.xcassets */,
				213F85131D61C7FC00835DCA /* LaunchScreen.storyboard */,
				213F85161D61C7FC00835DCA /* Info.plist */,
			);
			path = SwiftLocationDemo;
			sourceTree = "<group>";
		};
/* End PBXGroup section */

/* Begin PBXHeadersBuildPhase section */
		08819F101CD51F9B00EFD938 /* Headers */ = {
			isa = PBXHeadersBuildPhase;
			buildActionMask = 2147483647;
			files = (
				08819F171CD51F9B00EFD938 /* SwiftLocation.h in Headers */,
			);
			runOnlyForDeploymentPostprocessing = 0;
		};
/* End PBXHeadersBuildPhase section */

/* Begin PBXNativeTarget section */
		08819F121CD51F9B00EFD938 /* SwiftLocation */ = {
			isa = PBXNativeTarget;
			buildConfigurationList = 08819F271CD51F9B00EFD938 /* Build configuration list for PBXNativeTarget "SwiftLocation" */;
			buildPhases = (
				08819F0E1CD51F9B00EFD938 /* Sources */,
				08819F0F1CD51F9B00EFD938 /* Frameworks */,
				08819F101CD51F9B00EFD938 /* Headers */,
				08819F111CD51F9B00EFD938 /* Resources */,
			);
			buildRules = (
			);
			dependencies = (
			);
			name = SwiftLocation;
			productName = SwiftLocation;
			productReference = 08819F131CD51F9B00EFD938 /* SwiftLocation.framework */;
			productType = "com.apple.product-type.framework";
		};
		08819F1C1CD51F9B00EFD938 /* SwiftLocationTests */ = {
			isa = PBXNativeTarget;
			buildConfigurationList = 08819F2A1CD51F9B00EFD938 /* Build configuration list for PBXNativeTarget "SwiftLocationTests" */;
			buildPhases = (
				08819F191CD51F9B00EFD938 /* Sources */,
				08819F1A1CD51F9B00EFD938 /* Frameworks */,
				08819F1B1CD51F9B00EFD938 /* Resources */,
			);
			buildRules = (
			);
			dependencies = (
				08819F201CD51F9B00EFD938 /* PBXTargetDependency */,
			);
			name = SwiftLocationTests;
			productName = SwiftLocationTests;
			productReference = 08819F1D1CD51F9B00EFD938 /* SwiftLocationTests.xctest */;
			productType = "com.apple.product-type.bundle.unit-test";
		};
		213F85071D61C7FC00835DCA /* SwiftLocationDemo */ = {
			isa = PBXNativeTarget;
			buildConfigurationList = 213F85171D61C7FC00835DCA /* Build configuration list for PBXNativeTarget "SwiftLocationDemo" */;
			buildPhases = (
				213F85041D61C7FC00835DCA /* Sources */,
				213F85051D61C7FC00835DCA /* Frameworks */,
				213F85061D61C7FC00835DCA /* Resources */,
				213F851D1D61C80B00835DCA /* Copy Frameworks */,
			);
			buildRules = (
			);
			dependencies = (
				213F851B1D61C80500835DCA /* PBXTargetDependency */,
			);
			name = SwiftLocationDemo;
			productName = SwiftLocationDemo;
			productReference = 213F85081D61C7FC00835DCA /* SwiftLocationDemo.app */;
			productType = "com.apple.product-type.application";
		};
/* End PBXNativeTarget section */

/* Begin PBXProject section */
		08819F0A1CD51F9B00EFD938 /* Project object */ = {
			isa = PBXProject;
			attributes = {
				LastSwiftUpdateCheck = 0730;
				LastUpgradeCheck = 0800;
				ORGANIZATIONNAME = danielemargutti;
				TargetAttributes = {
					08819F121CD51F9B00EFD938 = {
						CreatedOnToolsVersion = 7.3;
						LastSwiftMigration = 0800;
					};
					08819F1C1CD51F9B00EFD938 = {
						CreatedOnToolsVersion = 7.3;
						LastSwiftMigration = 0800;
					};
					213F85071D61C7FC00835DCA = {
						CreatedOnToolsVersion = 7.3.1;
						LastSwiftMigration = 0800;
					};
				};
			};
			buildConfigurationList = 08819F0D1CD51F9B00EFD938 /* Build configuration list for PBXProject "SwiftLocation" */;
			compatibilityVersion = "Xcode 3.2";
			developmentRegion = English;
			hasScannedForEncodings = 0;
			knownRegions = (
				en,
				Base,
			);
			mainGroup = 08819F091CD51F9B00EFD938;
			productRefGroup = 08819F141CD51F9B00EFD938 /* Products */;
			projectDirPath = "";
			projectRoot = "";
			targets = (
				08819F121CD51F9B00EFD938 /* SwiftLocation */,
				08819F1C1CD51F9B00EFD938 /* SwiftLocationTests */,
				213F85071D61C7FC00835DCA /* SwiftLocationDemo */,
			);
		};
/* End PBXProject section */

/* Begin PBXResourcesBuildPhase section */
		08819F111CD51F9B00EFD938 /* Resources */ = {
			isa = PBXResourcesBuildPhase;
			buildActionMask = 2147483647;
			files = (
			);
			runOnlyForDeploymentPostprocessing = 0;
		};
		08819F1B1CD51F9B00EFD938 /* Resources */ = {
			isa = PBXResourcesBuildPhase;
			buildActionMask = 2147483647;
			files = (
			);
			runOnlyForDeploymentPostprocessing = 0;
		};
		213F85061D61C7FC00835DCA /* Resources */ = {
			isa = PBXResourcesBuildPhase;
			buildActionMask = 2147483647;
			files = (
				213F85151D61C7FC00835DCA /* LaunchScreen.storyboard in Resources */,
				213F85121D61C7FC00835DCA /* Assets.xcassets in Resources */,
				213F85101D61C7FC00835DCA /* Main.storyboard in Resources */,
			);
			runOnlyForDeploymentPostprocessing = 0;
		};
/* End PBXResourcesBuildPhase section */

/* Begin PBXSourcesBuildPhase section */
		08819F0E1CD51F9B00EFD938 /* Sources */ = {
			isa = PBXSourcesBuildPhase;
			buildActionMask = 2147483647;
			files = (
				08819F3A1CD51FA700EFD938 /* LocationRequest.swift in Sources */,
				08819F381CD51FA700EFD938 /* HeadingRequest.swift in Sources */,
				08819F371CD51FA700EFD938 /* Commons.swift in Sources */,
				210301251D6CD22F00A0A38C /* BeaconRegionRequest.swift in Sources */,
				08819F391CD51FA700EFD938 /* LocationManager.swift in Sources */,
				210301231D6CBEF100A0A38C /* GeoRegionRequest.swift in Sources */,
				210301271D6CDD2B00A0A38C /* BeaconAdvertiseRequest.swift in Sources */,
				08819F3C1CD51FA700EFD938 /* VisitRequest.swift in Sources */,
				210301211D6CA7BE00A0A38C /* BeaconsManager.swift in Sources */,
			);
			runOnlyForDeploymentPostprocessing = 0;
		};
		08819F191CD51F9B00EFD938 /* Sources */ = {
			isa = PBXSourcesBuildPhase;
			buildActionMask = 2147483647;
			files = (
				08819F231CD51F9B00EFD938 /* SwiftLocationTests.swift in Sources */,
			);
			runOnlyForDeploymentPostprocessing = 0;
		};
		213F85041D61C7FC00835DCA /* Sources */ = {
			isa = PBXSourcesBuildPhase;
			buildActionMask = 2147483647;
			files = (
				213F850D1D61C7FC00835DCA /* ViewController.swift in Sources */,
				213F850B1D61C7FC00835DCA /* AppDelegate.swift in Sources */,
			);
			runOnlyForDeploymentPostprocessing = 0;
		};
/* End PBXSourcesBuildPhase section */

/* Begin PBXTargetDependency section */
		08819F201CD51F9B00EFD938 /* PBXTargetDependency */ = {
			isa = PBXTargetDependency;
			target = 08819F121CD51F9B00EFD938 /* SwiftLocation */;
			targetProxy = 08819F1F1CD51F9B00EFD938 /* PBXContainerItemProxy */;
		};
		213F851B1D61C80500835DCA /* PBXTargetDependency */ = {
			isa = PBXTargetDependency;
			target = 08819F121CD51F9B00EFD938 /* SwiftLocation */;
			targetProxy = 213F851A1D61C80500835DCA /* PBXContainerItemProxy */;
		};
/* End PBXTargetDependency section */

/* Begin PBXVariantGroup section */
		213F850E1D61C7FC00835DCA /* Main.storyboard */ = {
			isa = PBXVariantGroup;
			children = (
				213F850F1D61C7FC00835DCA /* Base */,
			);
			name = Main.storyboard;
			sourceTree = "<group>";
		};
		213F85131D61C7FC00835DCA /* LaunchScreen.storyboard */ = {
			isa = PBXVariantGroup;
			children = (
				213F85141D61C7FC00835DCA /* Base */,
			);
			name = LaunchScreen.storyboard;
			sourceTree = "<group>";
		};
/* End PBXVariantGroup section */

/* Begin XCBuildConfiguration section */
		08819F251CD51F9B00EFD938 /* Debug */ = {
			isa = XCBuildConfiguration;
			buildSettings = {
				ALWAYS_SEARCH_USER_PATHS = NO;
				CLANG_ANALYZER_NONNULL = YES;
				CLANG_CXX_LANGUAGE_STANDARD = "gnu++0x";
				CLANG_CXX_LIBRARY = "libc++";
				CLANG_ENABLE_MODULES = YES;
				CLANG_ENABLE_OBJC_ARC = YES;
				CLANG_WARN_BOOL_CONVERSION = YES;
				CLANG_WARN_CONSTANT_CONVERSION = YES;
				CLANG_WARN_DIRECT_OBJC_ISA_USAGE = YES_ERROR;
				CLANG_WARN_EMPTY_BODY = YES;
				CLANG_WARN_ENUM_CONVERSION = YES;
				CLANG_WARN_INFINITE_RECURSION = YES;
				CLANG_WARN_INT_CONVERSION = YES;
				CLANG_WARN_OBJC_ROOT_CLASS = YES_ERROR;
				CLANG_WARN_SUSPICIOUS_MOVE = YES;
				CLANG_WARN_UNREACHABLE_CODE = YES;
				CLANG_WARN__DUPLICATE_METHOD_MATCH = YES;
				"CODE_SIGN_IDENTITY[sdk=iphoneos*]" = "iPhone Developer";
				COPY_PHASE_STRIP = NO;
				CURRENT_PROJECT_VERSION = 1;
				DEBUG_INFORMATION_FORMAT = dwarf;
				ENABLE_STRICT_OBJC_MSGSEND = YES;
				ENABLE_TESTABILITY = YES;
				GCC_C_LANGUAGE_STANDARD = gnu99;
				GCC_DYNAMIC_NO_PIC = NO;
				GCC_NO_COMMON_BLOCKS = YES;
				GCC_OPTIMIZATION_LEVEL = 0;
				GCC_PREPROCESSOR_DEFINITIONS = (
					"DEBUG=1",
					"$(inherited)",
				);
				GCC_WARN_64_TO_32_BIT_CONVERSION = YES;
				GCC_WARN_ABOUT_RETURN_TYPE = YES_ERROR;
				GCC_WARN_UNDECLARED_SELECTOR = YES;
				GCC_WARN_UNINITIALIZED_AUTOS = YES_AGGRESSIVE;
				GCC_WARN_UNUSED_FUNCTION = YES;
				GCC_WARN_UNUSED_VARIABLE = YES;
				IPHONEOS_DEPLOYMENT_TARGET = 9.3;
				MTL_ENABLE_DEBUG_INFO = YES;
				ONLY_ACTIVE_ARCH = YES;
				SDKROOT = iphoneos;
				SWIFT_OPTIMIZATION_LEVEL = "-Onone";
				TARGETED_DEVICE_FAMILY = "1,2";
				VERSIONING_SYSTEM = "apple-generic";
				VERSION_INFO_PREFIX = "";
			};
			name = Debug;
		};
		08819F261CD51F9B00EFD938 /* Release */ = {
			isa = XCBuildConfiguration;
			buildSettings = {
				ALWAYS_SEARCH_USER_PATHS = NO;
				CLANG_ANALYZER_NONNULL = YES;
				CLANG_CXX_LANGUAGE_STANDARD = "gnu++0x";
				CLANG_CXX_LIBRARY = "libc++";
				CLANG_ENABLE_MODULES = YES;
				CLANG_ENABLE_OBJC_ARC = YES;
				CLANG_WARN_BOOL_CONVERSION = YES;
				CLANG_WARN_CONSTANT_CONVERSION = YES;
				CLANG_WARN_DIRECT_OBJC_ISA_USAGE = YES_ERROR;
				CLANG_WARN_EMPTY_BODY = YES;
				CLANG_WARN_ENUM_CONVERSION = YES;
				CLANG_WARN_INFINITE_RECURSION = YES;
				CLANG_WARN_INT_CONVERSION = YES;
				CLANG_WARN_OBJC_ROOT_CLASS = YES_ERROR;
				CLANG_WARN_SUSPICIOUS_MOVE = YES;
				CLANG_WARN_UNREACHABLE_CODE = YES;
				CLANG_WARN__DUPLICATE_METHOD_MATCH = YES;
				"CODE_SIGN_IDENTITY[sdk=iphoneos*]" = "iPhone Developer";
				COPY_PHASE_STRIP = NO;
				CURRENT_PROJECT_VERSION = 1;
				DEBUG_INFORMATION_FORMAT = "dwarf-with-dsym";
				ENABLE_NS_ASSERTIONS = NO;
				ENABLE_STRICT_OBJC_MSGSEND = YES;
				GCC_C_LANGUAGE_STANDARD = gnu99;
				GCC_NO_COMMON_BLOCKS = YES;
				GCC_WARN_64_TO_32_BIT_CONVERSION = YES;
				GCC_WARN_ABOUT_RETURN_TYPE = YES_ERROR;
				GCC_WARN_UNDECLARED_SELECTOR = YES;
				GCC_WARN_UNINITIALIZED_AUTOS = YES_AGGRESSIVE;
				GCC_WARN_UNUSED_FUNCTION = YES;
				GCC_WARN_UNUSED_VARIABLE = YES;
				IPHONEOS_DEPLOYMENT_TARGET = 9.3;
				MTL_ENABLE_DEBUG_INFO = NO;
				SDKROOT = iphoneos;
				SWIFT_OPTIMIZATION_LEVEL = "-Owholemodule";
				TARGETED_DEVICE_FAMILY = "1,2";
				VALIDATE_PRODUCT = YES;
				VERSIONING_SYSTEM = "apple-generic";
				VERSION_INFO_PREFIX = "";
			};
			name = Release;
		};
		08819F281CD51F9B00EFD938 /* Debug */ = {
			isa = XCBuildConfiguration;
			buildSettings = {
				CLANG_ENABLE_MODULES = YES;
				"CODE_SIGN_IDENTITY[sdk=iphoneos*]" = "";
				DEFINES_MODULE = YES;
				DYLIB_COMPATIBILITY_VERSION = 1;
				DYLIB_CURRENT_VERSION = 1;
				DYLIB_INSTALL_NAME_BASE = "@rpath";
				INFOPLIST_FILE = SwiftLocation/Info.plist;
				INSTALL_PATH = "$(LOCAL_LIBRARY_DIR)/Frameworks";
				IPHONEOS_DEPLOYMENT_TARGET = 8.0;
				LD_RUNPATH_SEARCH_PATHS = "$(inherited) @executable_path/Frameworks @loader_path/Frameworks";
				MACOSX_DEPLOYMENT_TARGET = 10.10;
				PRODUCT_BUNDLE_IDENTIFIER = com.danielemargutti.SwiftLocation;
				PRODUCT_NAME = "$(TARGET_NAME)";
				SKIP_INSTALL = YES;
				SUPPORTED_PLATFORMS = "iphonesimulator iphoneos";
				SWIFT_OPTIMIZATION_LEVEL = "-Onone";
				SWIFT_VERSION = 3.0;
				TVOS_DEPLOYMENT_TARGET = 9.0;
			};
			name = Debug;
		};
		08819F291CD51F9B00EFD938 /* Release */ = {
			isa = XCBuildConfiguration;
			buildSettings = {
				CLANG_ENABLE_MODULES = YES;
				"CODE_SIGN_IDENTITY[sdk=iphoneos*]" = "";
				DEFINES_MODULE = YES;
				DYLIB_COMPATIBILITY_VERSION = 1;
				DYLIB_CURRENT_VERSION = 1;
				DYLIB_INSTALL_NAME_BASE = "@rpath";
				INFOPLIST_FILE = SwiftLocation/Info.plist;
				INSTALL_PATH = "$(LOCAL_LIBRARY_DIR)/Frameworks";
				IPHONEOS_DEPLOYMENT_TARGET = 8.0;
				LD_RUNPATH_SEARCH_PATHS = "$(inherited) @executable_path/Frameworks @loader_path/Frameworks";
				MACOSX_DEPLOYMENT_TARGET = 10.10;
				PRODUCT_BUNDLE_IDENTIFIER = com.danielemargutti.SwiftLocation;
				PRODUCT_NAME = "$(TARGET_NAME)";
				SKIP_INSTALL = YES;
				SUPPORTED_PLATFORMS = "iphonesimulator iphoneos";
				SWIFT_VERSION = 3.0;
				TVOS_DEPLOYMENT_TARGET = 9.0;
			};
			name = Release;
		};
		08819F2B1CD51F9B00EFD938 /* Debug */ = {
			isa = XCBuildConfiguration;
			buildSettings = {
				INFOPLIST_FILE = SwiftLocationTests/Info.plist;
				LD_RUNPATH_SEARCH_PATHS = "$(inherited) @executable_path/Frameworks @loader_path/Frameworks";
				PRODUCT_BUNDLE_IDENTIFIER = com.danielemargutti.SwiftLocationTests;
				PRODUCT_NAME = "$(TARGET_NAME)";
				SWIFT_VERSION = 3.0;
			};
			name = Debug;
		};
		08819F2C1CD51F9B00EFD938 /* Release */ = {
			isa = XCBuildConfiguration;
			buildSettings = {
				INFOPLIST_FILE = SwiftLocationTests/Info.plist;
				LD_RUNPATH_SEARCH_PATHS = "$(inherited) @executable_path/Frameworks @loader_path/Frameworks";
				PRODUCT_BUNDLE_IDENTIFIER = com.danielemargutti.SwiftLocationTests;
				PRODUCT_NAME = "$(TARGET_NAME)";
				SWIFT_VERSION = 3.0;
			};
			name = Release;
		};
		213F85181D61C7FC00835DCA /* Debug */ = {
			isa = XCBuildConfiguration;
			buildSettings = {
				ASSETCATALOG_COMPILER_APPICON_NAME = AppIcon;
				CODE_SIGN_IDENTITY = "iPhone Developer";
				DEVELOPMENT_TEAM = "";
				INFOPLIST_FILE = SwiftLocationDemo/Info.plist;
				LD_RUNPATH_SEARCH_PATHS = "$(inherited) @executable_path/Frameworks";
				PRODUCT_BUNDLE_IDENTIFIER = com.danielemargutti.SwiftLocationDemo;
				PRODUCT_NAME = "$(TARGET_NAME)";
				SWIFT_VERSION = 3.0;
			};
			name = Debug;
		};
		213F85191D61C7FC00835DCA /* Release */ = {
			isa = XCBuildConfiguration;
			buildSettings = {
				ASSETCATALOG_COMPILER_APPICON_NAME = AppIcon;
				CODE_SIGN_IDENTITY = "iPhone Developer";
				DEVELOPMENT_TEAM = "";
				INFOPLIST_FILE = SwiftLocationDemo/Info.plist;
				LD_RUNPATH_SEARCH_PATHS = "$(inherited) @executable_path/Frameworks";
				PRODUCT_BUNDLE_IDENTIFIER = com.danielemargutti.SwiftLocationDemo;
				PRODUCT_NAME = "$(TARGET_NAME)";
				SWIFT_VERSION = 3.0;
			};
			name = Release;
		};
/* End XCBuildConfiguration section */

/* Begin XCConfigurationList section */
		08819F0D1CD51F9B00EFD938 /* Build configuration list for PBXProject "SwiftLocation" */ = {
			isa = XCConfigurationList;
			buildConfigurations = (
				08819F251CD51F9B00EFD938 /* Debug */,
				08819F261CD51F9B00EFD938 /* Release */,
			);
			defaultConfigurationIsVisible = 0;
			defaultConfigurationName = Release;
		};
		08819F271CD51F9B00EFD938 /* Build configuration list for PBXNativeTarget "SwiftLocation" */ = {
			isa = XCConfigurationList;
			buildConfigurations = (
				08819F281CD51F9B00EFD938 /* Debug */,
				08819F291CD51F9B00EFD938 /* Release */,
			);
			defaultConfigurationIsVisible = 0;
			defaultConfigurationName = Release;
		};
		08819F2A1CD51F9B00EFD938 /* Build configuration list for PBXNativeTarget "SwiftLocationTests" */ = {
			isa = XCConfigurationList;
			buildConfigurations = (
				08819F2B1CD51F9B00EFD938 /* Debug */,
				08819F2C1CD51F9B00EFD938 /* Release */,
			);
			defaultConfigurationIsVisible = 0;
			defaultConfigurationName = Release;
		};
		213F85171D61C7FC00835DCA /* Build configuration list for PBXNativeTarget "SwiftLocationDemo" */ = {
			isa = XCConfigurationList;
			buildConfigurations = (
				213F85181D61C7FC00835DCA /* Debug */,
				213F85191D61C7FC00835DCA /* Release */,
			);
			defaultConfigurationIsVisible = 0;
			defaultConfigurationName = Release;
		};
/* End XCConfigurationList section */
	};
	rootObject = 08819F0A1CD51F9B00EFD938 /* Project object */;
}
